
Microsoft Visual Studio Solution File, Format Version 11.00
# Visual Studio 2010
Project("{8BC9CEB8-8B4A-11D0-8D11-00A0C91BC942}") = "102598045_POSD", "102598045_POSD\102598045_POSD.vcxproj", "{3FB4D859-8DFE-40EA-9F55-1DEA9856D1DC}"
EndProject
Project("{8BC9CEB8-8B4A-11D0-8D11-00A0C91BC942}") = "102598045_TEST", "102598045_TEST\102598045_TEST.vcxproj", "{771CF11D-00FF-41B6-ABCD-EEEDC5CF7642}"
	ProjectSection(ProjectDependencies) = postProject
		{3FB4D859-8DFE-40EA-9F55-1DEA9856D1DC} = {3FB4D859-8DFE-40EA-9F55-1DEA9856D1DC}
	EndProjectSection
EndProject
Project("{8BC9CEB8-8B4A-11D0-8D11-00A0C91BC942}") = "102598045_POSD_Qt", "102598045_POSD_Qt\102598045_POSD_Qt.vcxproj", "{D2BA8F08-32CF-4AC8-9039-A34A149734B5}"
EndProject
Global
	GlobalSection(SolutionConfigurationPlatforms) = preSolution
		Debug|Win32 = Debug|Win32
		Release|Win32 = Release|Win32
	EndGlobalSection
	GlobalSection(ProjectConfigurationPlatforms) = postSolution
		{3FB4D859-8DFE-40EA-9F55-1DEA9856D1DC}.Debug|Win32.ActiveCfg = Debug|Win32
		{3FB4D859-8DFE-40EA-9F55-1DEA9856D1DC}.Debug|Win32.Build.0 = Debug|Win32
		{3FB4D859-8DFE-40EA-9F55-1DEA9856D1DC}.Release|Win32.ActiveCfg = Release|Win32
		{3FB4D859-8DFE-40EA-9F55-1DEA9856D1DC}.Release|Win32.Build.0 = Release|Win32
		{771CF11D-00FF-41B6-ABCD-EEEDC5CF7642}.Debug|Win32.ActiveCfg = Debug|Win32
		{771CF11D-00FF-41B6-ABCD-EEEDC5CF7642}.Debug|Win32.Build.0 = Debug|Win32
		{771CF11D-00FF-41B6-ABCD-EEEDC5CF7642}.Release|Win32.ActiveCfg = Release|Win32
		{771CF11D-00FF-41B6-ABCD-EEEDC5CF7642}.Release|Win32.Build.0 = Release|Win32
		{D2BA8F08-32CF-4AC8-9039-A34A149734B5}.Debug|Win32.ActiveCfg = Debug|Win32
		{D2BA8F08-32CF-4AC8-9039-A34A149734B5}.Debug|Win32.Build.0 = Debug|Win32
		{D2BA8F08-32CF-4AC8-9039-A34A149734B5}.Release|Win32.ActiveCfg = Release|Win32
		{D2BA8F08-32CF-4AC8-9039-A34A149734B5}.Release|Win32.Build.0 = Release|Win32
	EndGlobalSection
	GlobalSection(SolutionProperties) = preSolution
		HideSolutionNode = FALSE
	EndGlobalSection
EndGlobal
