<?xml version="1.0" encoding="utf-8"?>
<Project ToolsVersion="4.0" xmlns="http://schemas.microsoft.com/developer/msbuild/2003">
  <ItemGroup>
    <Filter Include="Source Files">
      <UniqueIdentifier>{4FC737F1-C7A5-4376-A066-2A32D752A2FF}</UniqueIdentifier>
      <Extensions>cpp;cxx;c;def</Extensions>
    </Filter>
    <Filter Include="Header Files">
      <UniqueIdentifier>{93995380-89BD-4b04-88EB-625FBE52EBFB}</UniqueIdentifier>
      <Extensions>h</Extensions>
    </Filter>
    <Filter Include="Resource Files">
      <UniqueIdentifier>{D9D6E242-F8AF-46E4-B9FD-80ECBC20BA3E}</UniqueIdentifier>
      <Extensions>qrc;*</Extensions>
      <ParseFiles>false</ParseFiles>
    </Filter>
    <Filter Include="Generated Files">
      <UniqueIdentifier>{71ED8ED8-ACB9-4CE9-BBE1-E00B30144E11}</UniqueIdentifier>
      <Extensions>moc;h;cpp</Extensions>
      <SourceControlFiles>False</SourceControlFiles>
    </Filter>
    <Filter Include="References">
      <UniqueIdentifier>{27bef231-bf1d-4190-8a28-ddbd50218186}</UniqueIdentifier>
    </Filter>
    <Filter Include="Generated Files\Debug">
      <UniqueIdentifier>{6ab30d77-e79e-4833-a373-bc34f7eff743}</UniqueIdentifier>
      <Extensions>cpp;moc</Extensions>
      <SourceControlFiles>False</SourceControlFiles>
    </Filter>
    <Filter Include="Generated Files\Release">
      <UniqueIdentifier>{a6d09d1a-ba86-4b51-9fac-f5f8d96f8f76}</UniqueIdentifier>
      <Extensions>cpp;moc</Extensions>
      <SourceControlFiles>False</SourceControlFiles>
    </Filter>
  </ItemGroup>
  <ItemGroup>
    <ClCompile Include="main.cpp">
      <Filter>Source Files</Filter>
    </ClCompile>
    <ClCompile Include="MyThread.cpp">
      <Filter>Source Files</Filter>
    </ClCompile>
    <ClCompile Include="GeneratedFiles\Debug\moc_GUIView.cpp">
      <Filter>Generated Files\Debug</Filter>
    </ClCompile>
    <ClCompile Include="GeneratedFiles\Release\moc_GUIView.cpp">
      <Filter>Generated Files\Release</Filter>
    </ClCompile>
    <ClCompile Include="GUIView.cpp">
      <Filter>Source Files</Filter>
    </ClCompile>
    <ClCompile Include="..\102598045_POSD\AddNodeCommand.cpp">
      <Filter>References</Filter>
    </ClCompile>
    <ClCompile Include="..\102598045_POSD\Attribute.cpp">
      <Filter>References</Filter>
    </ClCompile>
    <ClCompile Include="..\102598045_POSD\AttributeType.cpp">
      <Filter>References</Filter>
    </ClCompile>
    <ClCompile Include="..\102598045_POSD\CharSymbol.cpp">
      <Filter>References</Filter>
    </ClCompile>
    <ClCompile Include="..\102598045_POSD\CollectionException.cpp">
      <Filter>References</Filter>
    </ClCompile>
    <ClCompile Include="..\102598045_POSD\CollectionType.cpp">
      <Filter>References</Filter>
    </ClCompile>
    <ClCompile Include="..\102598045_POSD\Command.cpp">
      <Filter>References</Filter>
    </ClCompile>
    <ClCompile Include="..\102598045_POSD\CommandData.cpp">
      <Filter>References</Filter>
    </ClCompile>
    <ClCompile Include="..\102598045_POSD\CommandManager.cpp">
      <Filter>References</Filter>
    </ClCompile>
    <ClCompile Include="..\102598045_POSD\CommandMenu.cpp">
      <Filter>References</Filter>
    </ClCompile>
    <ClCompile Include="..\102598045_POSD\Component.cpp">
      <Filter>References</Filter>
    </ClCompile>
    <ClCompile Include="..\102598045_POSD\ComponentConnectionSize.cpp">
      <Filter>References</Filter>
    </ClCompile>
    <ClCompile Include="..\102598045_POSD\ComponentData.cpp">
      <Filter>References</Filter>
    </ClCompile>
    <ClCompile Include="..\102598045_POSD\ComponentException.cpp">
      <Filter>References</Filter>
    </ClCompile>
    <ClCompile Include="..\102598045_POSD\ComponentFactory.cpp">
      <Filter>References</Filter>
    </ClCompile>
    <ClCompile Include="..\102598045_POSD\ComponentType.cpp">
      <Filter>References</Filter>
    </ClCompile>
    <ClCompile Include="..\102598045_POSD\ComponentUtil.cpp">
      <Filter>References</Filter>
    </ClCompile>
    <ClCompile Include="..\102598045_POSD\ConnectedERReceiver.cpp">
      <Filter>References</Filter>
    </ClCompile>
    <ClCompile Include="..\102598045_POSD\ConnectedSelfException.cpp">
      <Filter>References</Filter>
    </ClCompile>
    <ClCompile Include="..\102598045_POSD\ConnectionData.cpp">
      <Filter>References</Filter>
    </ClCompile>
    <ClCompile Include="..\102598045_POSD\ConnectionReceiverManager.cpp">
      <Filter>References</Filter>
    </ClCompile>
    <ClCompile Include="..\102598045_POSD\ConnectNodeCommand.cpp">
      <Filter>References</Filter>
    </ClCompile>
    <ClCompile Include="..\102598045_POSD\Connector.cpp">
      <Filter>References</Filter>
    </ClCompile>
    <ClCompile Include="..\102598045_POSD\DeleteComponentCommand.cpp">
      <Filter>References</Filter>
    </ClCompile>
    <ClCompile Include="..\102598045_POSD\DisplayDiagramCommand.cpp">
      <Filter>References</Filter>
    </ClCompile>
    <ClCompile Include="..\102598045_POSD\DisplayTableCommand.cpp">
      <Filter>References</Filter>
    </ClCompile>
    <ClCompile Include="..\102598045_POSD\Document.cpp">
      <Filter>References</Filter>
    </ClCompile>
    <ClCompile Include="..\102598045_POSD\DuplicatedKeyException.cpp">
      <Filter>References</Filter>
    </ClCompile>
    <ClCompile Include="..\102598045_POSD\EmptyCollectionException.cpp">
      <Filter>References</Filter>
    </ClCompile>
    <ClCompile Include="..\102598045_POSD\Entity.cpp">
      <Filter>References</Filter>
    </ClCompile>
    <ClCompile Include="..\102598045_POSD\ERModel.cpp">
      <Filter>References</Filter>
    </ClCompile>
    <ClCompile Include="..\102598045_POSD\Exception.cpp">
      <Filter>References</Filter>
    </ClCompile>
    <ClCompile Include="..\102598045_POSD\ExitCommand.cpp">
      <Filter>References</Filter>
    </ClCompile>
    <ClCompile Include="..\102598045_POSD\FileNotFoundException.cpp">
      <Filter>References</Filter>
    </ClCompile>
    <ClCompile Include="..\102598045_POSD\FindComponentCommand.cpp">
      <Filter>References</Filter>
    </ClCompile>
    <ClCompile Include="..\102598045_POSD\FindEntityCommand.cpp">
      <Filter>References</Filter>
    </ClCompile>
    <ClCompile Include="..\102598045_POSD\HasConnectedException.cpp">
      <Filter>References</Filter>
    </ClCompile>
    <ClCompile Include="..\102598045_POSD\InputFileParser.cpp">
      <Filter>References</Filter>
    </ClCompile>
    <ClCompile Include="..\102598045_POSD\InvalidConnectException.cpp">
      <Filter>References</Filter>
    </ClCompile>
    <ClCompile Include="..\102598045_POSD\InvalidNodeTypeException.cpp">
      <Filter>References</Filter>
    </ClCompile>
    <ClCompile Include="..\102598045_POSD\LoadFileCommand.cpp">
      <Filter>References</Filter>
    </ClCompile>
    <ClCompile Include="..\102598045_POSD\Main.cpp">
      <Filter>References</Filter>
    </ClCompile>
    <ClCompile Include="..\102598045_POSD\NoConnectionException.cpp">
      <Filter>References</Filter>
    </ClCompile>
    <ClCompile Include="..\102598045_POSD\Node.cpp">
      <Filter>References</Filter>
    </ClCompile>
    <ClCompile Include="..\102598045_POSD\NodeConnectionType.cpp">
      <Filter>References</Filter>
    </ClCompile>
    <ClCompile Include="..\102598045_POSD\NoSuchKeyException.cpp">
      <Filter>References</Filter>
    </ClCompile>
    <ClCompile Include="..\102598045_POSD\NoSuchNodeException.cpp">
      <Filter>References</Filter>
    </ClCompile>
    <ClCompile Include="..\102598045_POSD\NullPointerException.cpp">
      <Filter>References</Filter>
    </ClCompile>
    <ClCompile Include="..\102598045_POSD\OutputFileParser.cpp">
      <Filter>References</Filter>
    </ClCompile>
    <ClCompile Include="..\102598045_POSD\Presentation.cpp">
      <Filter>References</Filter>
    </ClCompile>
    <ClCompile Include="..\102598045_POSD\Receiver.cpp">
      <Filter>References</Filter>
    </ClCompile>
    <ClCompile Include="..\102598045_POSD\ReceiverManager.cpp">
      <Filter>References</Filter>
    </ClCompile>
    <ClCompile Include="..\102598045_POSD\RedoCommand.cpp">
      <Filter>References</Filter>
    </ClCompile>
    <ClCompile Include="..\102598045_POSD\RelationShip.cpp">
      <Filter>References</Filter>
    </ClCompile>
    <ClCompile Include="..\102598045_POSD\RelationType.cpp">
      <Filter>References</Filter>
    </ClCompile>
    <ClCompile Include="..\102598045_POSD\ReorderComponentsUtil.cpp">
      <Filter>References</Filter>
    </ClCompile>
    <ClCompile Include="..\102598045_POSD\SaveFileCommand.cpp">
      <Filter>References</Filter>
    </ClCompile>
    <ClCompile Include="..\102598045_POSD\SetCardinalityCommand.cpp">
      <Filter>References</Filter>
    </ClCompile>
    <ClCompile Include="..\102598045_POSD\SetNodeNameCommand.cpp">
      <Filter>References</Filter>
    </ClCompile>
    <ClCompile Include="..\102598045_POSD\SetPrimaryKeyCommand.cpp">
      <Filter>References</Filter>
    </ClCompile>
    <ClCompile Include="..\102598045_POSD\StringSymbol.cpp">
      <Filter>References</Filter>
    </ClCompile>
    <ClCompile Include="..\102598045_POSD\StringUtil.cpp">
      <Filter>References</Filter>
    </ClCompile>
    <ClCompile Include="..\102598045_POSD\Table.cpp">
      <Filter>References</Filter>
    </ClCompile>
    <ClCompile Include="..\102598045_POSD\TableManager.cpp">
      <Filter>References</Filter>
    </ClCompile>
    <ClCompile Include="..\102598045_POSD\TableUtil.cpp">
      <Filter>References</Filter>
    </ClCompile>
    <ClCompile Include="..\102598045_POSD\TextUI.cpp">
      <Filter>References</Filter>
    </ClCompile>
    <ClCompile Include="..\102598045_POSD\UndoCommand.cpp">
      <Filter>References</Filter>
    </ClCompile>
    <ClCompile Include="..\102598045_POSD\UnexecutableCommand.cpp">
      <Filter>References</Filter>
    </ClCompile>
    <ClCompile Include="..\102598045_POSD\ValidConnectedReceiver.cpp">
      <Filter>References</Filter>
    </ClCompile>
  </ItemGroup>
  <ItemGroup>
    <ClInclude Include="MyThread.h">
      <Filter>Header Files</Filter>
    </ClInclude>
    <ClInclude Include="ui_qtapptest.h">
      <Filter>Header Files</Filter>
    </ClInclude>
  </ItemGroup>
  <ItemGroup>
    <CustomBuild Include="GUIView.h">
      <Filter>Header Files</Filter>
    </CustomBuild>
  </ItemGroup>
</Project>