<?xml version="1.0" encoding="utf-8"?>
<Project ToolsVersion="4.0" xmlns="http://schemas.microsoft.com/developer/msbuild/2003">
  <ItemGroup>
    <Filter Include="Source Files">
      <UniqueIdentifier>{4FC737F1-C7A5-4376-A066-2A32D752A2FF}</UniqueIdentifier>
      <Extensions>cpp;c;cc;cxx;def;odl;idl;hpj;bat;asm;asmx</Extensions>
    </Filter>
    <Filter Include="Header Files">
      <UniqueIdentifier>{93995380-89BD-4b04-88EB-625FBE52EBFB}</UniqueIdentifier>
      <Extensions>h;hpp;hxx;hm;inl;inc;xsd</Extensions>
    </Filter>
    <Filter Include="Resource Files">
      <UniqueIdentifier>{67DA6AB6-F800-4c08-8B7A-83BB121AAD01}</UniqueIdentifier>
      <Extensions>rc;ico;cur;bmp;dlg;rc2;rct;bin;rgs;gif;jpg;jpeg;jpe;resx;tiff;tif;png;wav;mfcribbon-ms</Extensions>
    </Filter>
    <Filter Include="Unit Testing Files">
      <UniqueIdentifier>{2eadfc30-52a3-4c86-9a80-704d33d1b2d6}</UniqueIdentifier>
    </Filter>
    <Filter Include="Source Files\Command">
      <UniqueIdentifier>{4b93a6dc-e3ea-4b00-8a57-82526ee1d627}</UniqueIdentifier>
    </Filter>
    <Filter Include="Source Files\Model">
      <UniqueIdentifier>{bc82821f-0f4c-4114-8a22-0353375a71a5}</UniqueIdentifier>
    </Filter>
    <Filter Include="Source Files\Factory">
      <UniqueIdentifier>{58fb3833-9f70-411f-8a15-511bfa0d7ecd}</UniqueIdentifier>
    </Filter>
    <Filter Include="Source Files\Document">
      <UniqueIdentifier>{e855eed4-d33e-4c42-afdc-9d81df132197}</UniqueIdentifier>
    </Filter>
    <Filter Include="Source Files\Menu">
      <UniqueIdentifier>{1c214ea1-5e8c-423e-a938-a5d75f568acf}</UniqueIdentifier>
    </Filter>
    <Filter Include="Source Files\Interface">
      <UniqueIdentifier>{94191e46-de50-4c43-96d1-e3fb9a35622c}</UniqueIdentifier>
    </Filter>
    <Filter Include="Source Files\Exception">
      <UniqueIdentifier>{bb8fb4dc-5202-4170-85c9-2776722ed5c4}</UniqueIdentifier>
    </Filter>
    <Filter Include="Source Files\Struct">
      <UniqueIdentifier>{ea4ddd6a-4a4f-4360-bbd9-600a386f5393}</UniqueIdentifier>
    </Filter>
    <Filter Include="Source Files\Manager">
      <UniqueIdentifier>{6aec9dab-9579-46e4-a8a4-d3c23f77b3f1}</UniqueIdentifier>
    </Filter>
    <Filter Include="Source Files\Utils">
      <UniqueIdentifier>{a3db4110-4925-4522-b83b-b511927c22fc}</UniqueIdentifier>
    </Filter>
    <Filter Include="Source Files\Receiver">
      <UniqueIdentifier>{cae3f043-1991-4846-80f4-72925dc5b255}</UniqueIdentifier>
    </Filter>
    <Filter Include="Source Files\View">
      <UniqueIdentifier>{19b37122-54a7-43d6-92c3-d9d882c0fb7b}</UniqueIdentifier>
    </Filter>
    <Filter Include="Source Files\Constants">
      <UniqueIdentifier>{a9936d33-6ef4-4096-8975-01ef7c47c0f4}</UniqueIdentifier>
    </Filter>
    <Filter Include="Header Files\TestingUtils">
      <UniqueIdentifier>{94d964ff-6bc0-4384-aac4-4f1ef8611e97}</UniqueIdentifier>
    </Filter>
    <Filter Include="Source Files\TestingUtil">
      <UniqueIdentifier>{a4dfb767-a3ac-4514-8e29-52eec1f962d3}</UniqueIdentifier>
    </Filter>
    <Filter Include="Source Files\Parser">
      <UniqueIdentifier>{e321a1ec-f531-4e7f-b714-023e817cae9f}</UniqueIdentifier>
    </Filter>
    <Filter Include="Source Files\Exception\CollectionException">
      <UniqueIdentifier>{314afa39-ee48-4731-83a3-d89f7aa008d6}</UniqueIdentifier>
    </Filter>
    <Filter Include="Source Files\Exception\IOException">
      <UniqueIdentifier>{902fe11d-75b6-46b4-a8fc-f4b21e287515}</UniqueIdentifier>
    </Filter>
    <Filter Include="Source Files\Exception\ComponentException">
      <UniqueIdentifier>{5bae5632-ce0c-4734-9ded-18dd60abd034}</UniqueIdentifier>
    </Filter>
  </ItemGroup>
  <ItemGroup>
    <ClCompile Include="ERModelTest.cpp">
      <Filter>Unit Testing Files</Filter>
    </ClCompile>
    <ClCompile Include="MainTest.cpp">
      <Filter>Unit Testing Files</Filter>
    </ClCompile>
    <ClCompile Include="..\102598045_POSD\DeleteComponentCommand.cpp">
      <Filter>Source Files\Command</Filter>
    </ClCompile>
    <ClCompile Include="..\102598045_POSD\ConnectNodeCommand.cpp">
      <Filter>Source Files\Command</Filter>
    </ClCompile>
    <ClCompile Include="..\102598045_POSD\DisplayDiagramCommand.cpp">
      <Filter>Source Files\Command</Filter>
    </ClCompile>
    <ClCompile Include="..\102598045_POSD\DisplayTableCommand.cpp">
      <Filter>Source Files\Command</Filter>
    </ClCompile>
    <ClCompile Include="..\102598045_POSD\AddNodeCommand.cpp">
      <Filter>Source Files\Command</Filter>
    </ClCompile>
    <ClCompile Include="..\102598045_POSD\Command.cpp">
      <Filter>Source Files\Command</Filter>
    </ClCompile>
    <ClCompile Include="..\102598045_POSD\UndoCommand.cpp">
      <Filter>Source Files\Command</Filter>
    </ClCompile>
    <ClCompile Include="..\102598045_POSD\UnexecutableCommand.cpp">
      <Filter>Source Files\Command</Filter>
    </ClCompile>
    <ClCompile Include="..\102598045_POSD\SetPrimaryKeyCommand.cpp">
      <Filter>Source Files\Command</Filter>
    </ClCompile>
    <ClCompile Include="..\102598045_POSD\SetNodeNameCommand.cpp">
      <Filter>Source Files\Command</Filter>
    </ClCompile>
    <ClCompile Include="..\102598045_POSD\SetCardinalityCommand.cpp">
      <Filter>Source Files\Command</Filter>
    </ClCompile>
    <ClCompile Include="..\102598045_POSD\SaveFileCommand.cpp">
      <Filter>Source Files\Command</Filter>
    </ClCompile>
    <ClCompile Include="..\102598045_POSD\RedoCommand.cpp">
      <Filter>Source Files\Command</Filter>
    </ClCompile>
    <ClCompile Include="..\102598045_POSD\FindEntityCommand.cpp">
      <Filter>Source Files\Command</Filter>
    </ClCompile>
    <ClCompile Include="..\102598045_POSD\FindComponentCommand.cpp">
      <Filter>Source Files\Command</Filter>
    </ClCompile>
    <ClCompile Include="..\102598045_POSD\Attribute.cpp">
      <Filter>Source Files\Model</Filter>
    </ClCompile>
    <ClCompile Include="..\102598045_POSD\Connector.cpp">
      <Filter>Source Files\Model</Filter>
    </ClCompile>
    <ClCompile Include="..\102598045_POSD\ComponentFactory.cpp">
      <Filter>Source Files\Factory</Filter>
    </ClCompile>
    <ClCompile Include="..\102598045_POSD\Component.cpp">
      <Filter>Source Files\Model</Filter>
    </ClCompile>
    <ClCompile Include="..\102598045_POSD\Document.cpp">
      <Filter>Source Files\Document</Filter>
    </ClCompile>
    <ClCompile Include="..\102598045_POSD\CommandData.cpp">
      <Filter>Source Files\Struct</Filter>
    </ClCompile>
    <ClCompile Include="..\102598045_POSD\Entity.cpp">
      <Filter>Source Files\Model</Filter>
    </ClCompile>
    <ClCompile Include="..\102598045_POSD\ERModel.cpp">
      <Filter>Source Files\Model</Filter>
    </ClCompile>
    <ClCompile Include="..\102598045_POSD\ComponentUtil.cpp">
      <Filter>Source Files\Utils</Filter>
    </ClCompile>
    <ClCompile Include="..\102598045_POSD\ERModelUtil.cpp">
      <Filter>Source Files\Utils</Filter>
    </ClCompile>
    <ClCompile Include="..\102598045_POSD\CommandMenu.cpp">
      <Filter>Source Files\Menu</Filter>
    </ClCompile>
    <ClCompile Include="..\102598045_POSD\CommandManager.cpp">
      <Filter>Source Files\Manager</Filter>
    </ClCompile>
    <ClCompile Include="..\102598045_POSD\IClonable.cpp">
      <Filter>Source Files\Interface</Filter>
    </ClCompile>
    <ClCompile Include="..\102598045_POSD\ComponentData.cpp">
      <Filter>Source Files\Struct</Filter>
    </ClCompile>
    <ClCompile Include="..\102598045_POSD\Exception.cpp">
      <Filter>Source Files\Exception</Filter>
    </ClCompile>
    <ClCompile Include="..\102598045_POSD\NullPointerException.cpp">
      <Filter>Source Files\Exception</Filter>
    </ClCompile>
    <ClCompile Include="..\102598045_POSD\ValidConnectedReceiver.cpp">
      <Filter>Source Files\Receiver</Filter>
    </ClCompile>
    <ClCompile Include="..\102598045_POSD\ConnectedERReceiver.cpp">
      <Filter>Source Files\Receiver</Filter>
    </ClCompile>
    <ClCompile Include="..\102598045_POSD\ConnectionReceiverManager.cpp">
      <Filter>Source Files\Manager</Filter>
    </ClCompile>
    <ClCompile Include="..\102598045_POSD\ReceiverManager.cpp">
      <Filter>Source Files\Manager</Filter>
    </ClCompile>
    <ClCompile Include="..\102598045_POSD\LoadFileCommand.cpp">
      <Filter>Source Files\Command</Filter>
    </ClCompile>
    <ClCompile Include="..\102598045_POSD\ExitCommand.cpp">
      <Filter>Source Files\Command</Filter>
    </ClCompile>
    <ClCompile Include="..\102598045_POSD\ConnectionData.cpp">
      <Filter>Source Files\Struct</Filter>
    </ClCompile>
    <ClCompile Include="..\102598045_POSD\RelationShip.cpp">
      <Filter>Source Files\Model</Filter>
    </ClCompile>
    <ClCompile Include="..\102598045_POSD\Node.cpp">
      <Filter>Source Files\Model</Filter>
    </ClCompile>
    <ClCompile Include="..\102598045_POSD\ReorderComponentsUtil.cpp">
      <Filter>Source Files\Utils</Filter>
    </ClCompile>
    <ClCompile Include="..\102598045_POSD\Receiver.cpp">
      <Filter>Source Files\Receiver</Filter>
    </ClCompile>
    <ClCompile Include="..\102598045_POSD\StringUtil.cpp">
      <Filter>Source Files\Utils</Filter>
    </ClCompile>
    <ClCompile Include="..\102598045_POSD\Table.cpp">
      <Filter>Source Files\Model</Filter>
    </ClCompile>
    <ClCompile Include="..\102598045_POSD\TableManager.cpp">
      <Filter>Source Files\Manager</Filter>
    </ClCompile>
    <ClCompile Include="..\102598045_POSD\Presentation.cpp">
      <Filter>Source Files\View</Filter>
    </ClCompile>
    <ClCompile Include="..\102598045_POSD\TextUI.cpp">
      <Filter>Source Files\View</Filter>
    </ClCompile>
    <ClCompile Include="..\102598045_POSD\RelationType.cpp">
      <Filter>Source Files\Constants</Filter>
    </ClCompile>
    <ClCompile Include="..\102598045_POSD\NodeConnectionType.cpp">
      <Filter>Source Files\Constants</Filter>
    </ClCompile>
    <ClCompile Include="..\102598045_POSD\ComponentType.cpp">
      <Filter>Source Files\Constants</Filter>
    </ClCompile>
    <ClCompile Include="..\102598045_POSD\ComponentConnectionSize.cpp">
      <Filter>Source Files\Constants</Filter>
    </ClCompile>
    <ClCompile Include="..\102598045_POSD\AttributeType.cpp">
      <Filter>Source Files\Constants</Filter>
    </ClCompile>
    <ClCompile Include="DirectoryUtil.cpp">
      <Filter>Source Files\TestingUtil</Filter>
    </ClCompile>
    <ClCompile Include="..\102598045_POSD\FileParser.cpp">
      <Filter>Source Files\Parser</Filter>
    </ClCompile>
    <ClCompile Include="ConnectorTest.cpp">
      <Filter>Unit Testing Files</Filter>
    </ClCompile>
    <ClCompile Include="CommandMenuTest.cpp">
      <Filter>Unit Testing Files</Filter>
    </ClCompile>
    <ClCompile Include="..\102598045_POSD\FileNotFoundException.cpp">
      <Filter>Source Files\Exception\IOException</Filter>
    </ClCompile>
    <ClCompile Include="..\102598045_POSD\CollectionException.cpp">
      <Filter>Source Files\Exception\CollectionException</Filter>
    </ClCompile>
    <ClCompile Include="..\102598045_POSD\DuplicatedKeyException.cpp">
      <Filter>Source Files\Exception\CollectionException</Filter>
    </ClCompile>
    <ClCompile Include="..\102598045_POSD\EmptyCollectionException.cpp">
      <Filter>Source Files\Exception\CollectionException</Filter>
    </ClCompile>
    <ClCompile Include="..\102598045_POSD\NoSuchKeyException.cpp">
      <Filter>Source Files\Exception\CollectionException</Filter>
    </ClCompile>
    <ClCompile Include="..\102598045_POSD\ComponentException.cpp">
      <Filter>Source Files\Exception\ComponentException</Filter>
    </ClCompile>
    <ClCompile Include="..\102598045_POSD\ConnectedSelfException.cpp">
      <Filter>Source Files\Exception\ComponentException</Filter>
    </ClCompile>
    <ClCompile Include="..\102598045_POSD\HasConnectedException.cpp">
      <Filter>Source Files\Exception\ComponentException</Filter>
    </ClCompile>
    <ClCompile Include="..\102598045_POSD\InvalidConnectException.cpp">
      <Filter>Source Files\Exception\ComponentException</Filter>
    </ClCompile>
    <ClCompile Include="..\102598045_POSD\InvalidNodeTypeException.cpp">
      <Filter>Source Files\Exception\ComponentException</Filter>
    </ClCompile>
    <ClCompile Include="..\102598045_POSD\NoConnectionException.cpp">
      <Filter>Source Files\Exception\ComponentException</Filter>
    </ClCompile>
    <ClCompile Include="..\102598045_POSD\NoSuchNodeException.cpp">
      <Filter>Source Files\Exception\ComponentException</Filter>
    </ClCompile>
    <ClCompile Include="..\102598045_POSD\CollectionType.cpp">
      <Filter>Source Files\Constants</Filter>
    </ClCompile>
  </ItemGroup>
  <ItemGroup>
    <ClInclude Include="ERModelTest.h">
      <Filter>Header Files</Filter>
    </ClInclude>
    <ClInclude Include="DirectoryUtil.h">
      <Filter>Header Files\TestingUtils</Filter>
    </ClInclude>
    <ClInclude Include="ConnectorTest.h">
      <Filter>Header Files</Filter>
    </ClInclude>
    <ClInclude Include="CommandMenuTest.h">
      <Filter>Header Files</Filter>
    </ClInclude>
  </ItemGroup>
</Project>