<?xml version="1.0" encoding="utf-8"?>
<Project ToolsVersion="4.0" xmlns="http://schemas.microsoft.com/developer/msbuild/2003">
  <ItemGroup>
    <Filter Include="Source Files">
      <UniqueIdentifier>{4FC737F1-C7A5-4376-A066-2A32D752A2FF}</UniqueIdentifier>
      <Extensions>cpp;c;cc;cxx;def;odl;idl;hpj;bat;asm;asmx</Extensions>
    </Filter>
    <Filter Include="Header Files">
      <UniqueIdentifier>{93995380-89BD-4b04-88EB-625FBE52EBFB}</UniqueIdentifier>
      <Extensions>h;hpp;hxx;hm;inl;inc;xsd</Extensions>
    </Filter>
    <Filter Include="Resource Files">
      <UniqueIdentifier>{67DA6AB6-F800-4c08-8B7A-83BB121AAD01}</UniqueIdentifier>
      <Extensions>rc;ico;cur;bmp;dlg;rc2;rct;bin;rgs;gif;jpg;jpeg;jpe;resx;tiff;tif;png;wav;mfcribbon-ms</Extensions>
    </Filter>
    <Filter Include="Unit Testing Files">
      <UniqueIdentifier>{2eadfc30-52a3-4c86-9a80-704d33d1b2d6}</UniqueIdentifier>
    </Filter>
    <Filter Include="Header Files\TestingUtils">
      <UniqueIdentifier>{94d964ff-6bc0-4384-aac4-4f1ef8611e97}</UniqueIdentifier>
    </Filter>
    <Filter Include="Header Files\ModelTest">
      <UniqueIdentifier>{db844d63-2a30-41e8-a46d-fa5e94927bda}</UniqueIdentifier>
    </Filter>
    <Filter Include="Unit Testing Files\ModelTest">
      <UniqueIdentifier>{eb73bddb-dec2-4721-a1a0-2b130baaf6b6}</UniqueIdentifier>
    </Filter>
    <Filter Include="Header Files\CommandTest">
      <UniqueIdentifier>{3f906702-81c6-435a-af1f-db377fdf420a}</UniqueIdentifier>
    </Filter>
    <Filter Include="Header Files\ManagerTest">
      <UniqueIdentifier>{d47186ae-9564-4737-a501-7995e96d3b81}</UniqueIdentifier>
    </Filter>
    <Filter Include="Header Files\FactoryTest">
      <UniqueIdentifier>{720e637f-6cef-4f4e-9994-00f9138c086f}</UniqueIdentifier>
    </Filter>
    <Filter Include="Header Files\ParserTest">
      <UniqueIdentifier>{aa65f19d-12e0-43ff-a87d-9eb46cae9aac}</UniqueIdentifier>
    </Filter>
    <Filter Include="Header Files\UtilTest">
      <UniqueIdentifier>{3e72aa50-4817-46c5-9c3d-357d191ec998}</UniqueIdentifier>
    </Filter>
    <Filter Include="Header Files\CollectionTest">
      <UniqueIdentifier>{4a7ff5e6-7d13-4cd6-97b1-d0fbb9697d6c}</UniqueIdentifier>
    </Filter>
    <Filter Include="Header Files\MenuTest">
      <UniqueIdentifier>{322efae3-27b3-43aa-aa4a-1716db609da1}</UniqueIdentifier>
    </Filter>
    <Filter Include="Unit Testing Files\FactoryTest">
      <UniqueIdentifier>{f5b4c11f-4829-4a7b-8141-5fc91c8820c1}</UniqueIdentifier>
    </Filter>
    <Filter Include="Unit Testing Files\ManagerTest">
      <UniqueIdentifier>{a0878a1e-3ab2-4256-bf19-29042aa1cef2}</UniqueIdentifier>
    </Filter>
    <Filter Include="Unit Testing Files\CollectionTest">
      <UniqueIdentifier>{67218153-c83a-48a5-8a5c-c31396b8a82e}</UniqueIdentifier>
    </Filter>
    <Filter Include="Unit Testing Files\CommandTest">
      <UniqueIdentifier>{448e241f-d441-4e52-98ce-b9b3d3eef61f}</UniqueIdentifier>
    </Filter>
    <Filter Include="Unit Testing Files\ParserTest">
      <UniqueIdentifier>{b93af022-9a5a-476b-a24b-fb9758938594}</UniqueIdentifier>
    </Filter>
    <Filter Include="Unit Testing Files\UtilTest">
      <UniqueIdentifier>{0ef8ca41-e458-4477-8141-2f4cb698b6ab}</UniqueIdentifier>
    </Filter>
    <Filter Include="Unit Testing Files\MenuTest">
      <UniqueIdentifier>{ac94c765-7196-4229-a1f1-cb902ceaf772}</UniqueIdentifier>
    </Filter>
    <Filter Include="Source Files\Model">
      <UniqueIdentifier>{9136129e-5827-470c-8e50-9c3081ad0c0d}</UniqueIdentifier>
    </Filter>
    <Filter Include="Source Files\Constants">
      <UniqueIdentifier>{f1814239-90bd-4f16-9a85-2622334e7224}</UniqueIdentifier>
    </Filter>
    <Filter Include="Source Files\Command">
      <UniqueIdentifier>{dcb63c53-f7ea-4342-aa7e-73b00070dd2f}</UniqueIdentifier>
    </Filter>
    <Filter Include="Source Files\Exception">
      <UniqueIdentifier>{ee2b8b49-1f0f-4228-a502-5ad8c70a0ad0}</UniqueIdentifier>
    </Filter>
    <Filter Include="Source Files\View">
      <UniqueIdentifier>{9920bdf6-dee9-45b0-9ee0-668355c3e3ac}</UniqueIdentifier>
    </Filter>
    <Filter Include="Source Files\View\TextUI">
      <UniqueIdentifier>{dd8c442d-d2f0-49a7-a7c6-38540081271d}</UniqueIdentifier>
    </Filter>
    <Filter Include="Source Files\View\TextUI\TextInstruction">
      <UniqueIdentifier>{46ea1162-a57a-4066-80d7-f5cfa5b2eebf}</UniqueIdentifier>
    </Filter>
    <Filter Include="Source Files\Manager">
      <UniqueIdentifier>{02b0abf8-0edc-41b4-a7ce-1fa489976ce3}</UniqueIdentifier>
    </Filter>
    <Filter Include="Source Files\Struct">
      <UniqueIdentifier>{11acfbd3-c742-400a-960c-bc896f04e2df}</UniqueIdentifier>
    </Filter>
    <Filter Include="Source Files\Util">
      <UniqueIdentifier>{f1e2dcbe-42d6-40f1-a8ed-e4d1c052427b}</UniqueIdentifier>
    </Filter>
    <Filter Include="Source Files\Factory">
      <UniqueIdentifier>{821db335-5a71-449d-aec1-1e0a5790ecfd}</UniqueIdentifier>
    </Filter>
    <Filter Include="Source Files\Parser">
      <UniqueIdentifier>{0cb096b8-b75e-47e0-ab2e-18fd0bf5d864}</UniqueIdentifier>
    </Filter>
    <Filter Include="Source Files\Menu">
      <UniqueIdentifier>{1baad05b-f73f-49c7-96ad-322a4e16dcc5}</UniqueIdentifier>
    </Filter>
    <Filter Include="Source Files\Observer">
      <UniqueIdentifier>{75139101-2ea4-425e-9e22-2f9d949dd3d2}</UniqueIdentifier>
    </Filter>
    <Filter Include="Unit Testing Files\StructTest">
      <UniqueIdentifier>{0c5699a7-43fa-4451-b978-7777f9fa80ec}</UniqueIdentifier>
    </Filter>
    <Filter Include="Header Files\StructTest">
      <UniqueIdentifier>{66e987b8-26cf-432e-980e-5748544a07a5}</UniqueIdentifier>
    </Filter>
    <Filter Include="Header Files\PresentationTest">
      <UniqueIdentifier>{193b9130-b831-4a38-992c-b63fc9bc4387}</UniqueIdentifier>
    </Filter>
    <Filter Include="Unit Testing Files\PresentationTest">
      <UniqueIdentifier>{25440486-98cb-4a60-9a33-79d2b6ac1612}</UniqueIdentifier>
    </Filter>
    <Filter Include="Source Files\View\GUI">
      <UniqueIdentifier>{f7f6b837-b413-44a1-a4a6-dfa05132002e}</UniqueIdentifier>
    </Filter>
    <Filter Include="Source Files\View\GUI\State">
      <UniqueIdentifier>{5087fd86-7840-4682-8bbf-2e9de7ebafb0}</UniqueIdentifier>
    </Filter>
    <Filter Include="Header Files\ObserverTest">
      <UniqueIdentifier>{80b41ee3-2229-4d3d-90e5-7642d7490a07}</UniqueIdentifier>
    </Filter>
    <Filter Include="Unit Testing Files\StateTest">
      <UniqueIdentifier>{dca1faf7-e73d-4958-8aff-c8c0612e7175}</UniqueIdentifier>
    </Filter>
    <Filter Include="Header Files\StateTest">
      <UniqueIdentifier>{df33f3f9-ce10-4288-b545-d03407ca269b}</UniqueIdentifier>
    </Filter>
    <Filter Include="Unit Testing Files\Observer">
      <UniqueIdentifier>{8343ae42-a77f-4e58-98a7-fec09c737890}</UniqueIdentifier>
    </Filter>
    <Filter Include="Header Files\MockObject">
      <UniqueIdentifier>{c8ce3e07-3095-427d-a4f1-a81091027400}</UniqueIdentifier>
    </Filter>
    <Filter Include="Source Files\MockObject">
      <UniqueIdentifier>{2750ec86-be0c-4ac3-86c3-d98dcee584bc}</UniqueIdentifier>
    </Filter>
    <Filter Include="Header Files\ModelTest\Component">
      <UniqueIdentifier>{17cff8f5-416f-47f1-960d-1844b043a395}</UniqueIdentifier>
    </Filter>
    <Filter Include="Unit Testing Files\ModelTest\Component">
      <UniqueIdentifier>{35828936-14bf-43c5-9239-fba75a013efc}</UniqueIdentifier>
    </Filter>
  </ItemGroup>
  <ItemGroup>
    <ClCompile Include="MainTest.cpp">
      <Filter>Unit Testing Files</Filter>
    </ClCompile>
    <ClCompile Include="ERModelTest.cpp">
      <Filter>Unit Testing Files\ModelTest</Filter>
    </ClCompile>
    <ClCompile Include="TableTest.cpp">
      <Filter>Unit Testing Files\ModelTest</Filter>
    </ClCompile>
    <ClCompile Include="ComponentFactoryTest.cpp">
      <Filter>Unit Testing Files\FactoryTest</Filter>
    </ClCompile>
    <ClCompile Include="CommandManagerTest.cpp">
      <Filter>Unit Testing Files\ManagerTest</Filter>
    </ClCompile>
    <ClCompile Include="HashMapTest.cpp">
      <Filter>Unit Testing Files\CollectionTest</Filter>
    </ClCompile>
    <ClCompile Include="AddNodeCommandTest.cpp">
      <Filter>Unit Testing Files\CommandTest</Filter>
    </ClCompile>
    <ClCompile Include="ConnectNodeCommandTest.cpp">
      <Filter>Unit Testing Files\CommandTest</Filter>
    </ClCompile>
    <ClCompile Include="DeleteComponentCommandTest.cpp">
      <Filter>Unit Testing Files\CommandTest</Filter>
    </ClCompile>
    <ClCompile Include="TableManagerTest.cpp">
      <Filter>Unit Testing Files\ManagerTest</Filter>
    </ClCompile>
    <ClCompile Include="StringUtilTest.cpp">
      <Filter>Unit Testing Files\UtilTest</Filter>
    </ClCompile>
    <ClCompile Include="TableUtilTest.cpp">
      <Filter>Unit Testing Files\UtilTest</Filter>
    </ClCompile>
    <ClCompile Include="ComponentUtilTest.cpp">
      <Filter>Unit Testing Files\UtilTest</Filter>
    </ClCompile>
    <ClCompile Include="ReorderComponentsUtilTest.cpp">
      <Filter>Unit Testing Files\UtilTest</Filter>
    </ClCompile>
    <ClCompile Include="InputFileParserTest.cpp">
      <Filter>Unit Testing Files\ParserTest</Filter>
    </ClCompile>
    <ClCompile Include="OutputFileParserTest.cpp">
      <Filter>Unit Testing Files\ParserTest</Filter>
    </ClCompile>
    <ClCompile Include="StackUtilTest.cpp">
      <Filter>Unit Testing Files\UtilTest</Filter>
    </ClCompile>
    <ClCompile Include="ERModelUtilTest.cpp">
      <Filter>Unit Testing Files\UtilTest</Filter>
    </ClCompile>
    <ClCompile Include="DocumentTest.cpp">
      <Filter>Unit Testing Files\ParserTest</Filter>
    </ClCompile>
    <ClCompile Include="InstructionMenuTest.cpp">
      <Filter>Unit Testing Files\MenuTest</Filter>
    </ClCompile>
    <ClCompile Include="..\102598045_POSD\AddNodeCommand.cpp">
      <Filter>Source Files\Command</Filter>
    </ClCompile>
    <ClCompile Include="..\102598045_POSD\ApplicationSetting.cpp">
      <Filter>Source Files\Constants</Filter>
    </ClCompile>
    <ClCompile Include="..\102598045_POSD\Attribute.cpp">
      <Filter>Source Files\Model</Filter>
    </ClCompile>
    <ClCompile Include="..\102598045_POSD\AttributeType.cpp">
      <Filter>Source Files\Constants</Filter>
    </ClCompile>
    <ClCompile Include="..\102598045_POSD\CharSymbol.cpp">
      <Filter>Source Files\Constants</Filter>
    </ClCompile>
    <ClCompile Include="..\102598045_POSD\AddNodeInstruction.cpp">
      <Filter>Source Files\View\TextUI\TextInstruction</Filter>
    </ClCompile>
    <ClCompile Include="..\102598045_POSD\CloseInstruction.cpp">
      <Filter>Source Files\View\TextUI\TextInstruction</Filter>
    </ClCompile>
    <ClCompile Include="..\102598045_POSD\Command.cpp">
      <Filter>Source Files\Command</Filter>
    </ClCompile>
    <ClCompile Include="..\102598045_POSD\ComponentConnectionSize.cpp">
      <Filter>Source Files\Constants</Filter>
    </ClCompile>
    <ClCompile Include="..\102598045_POSD\CollectionType.cpp">
      <Filter>Source Files\Constants</Filter>
    </ClCompile>
    <ClCompile Include="..\102598045_POSD\ComponentType.cpp">
      <Filter>Source Files\Constants</Filter>
    </ClCompile>
    <ClCompile Include="..\102598045_POSD\CollectionException.cpp">
      <Filter>Source Files\Exception</Filter>
    </ClCompile>
    <ClCompile Include="..\102598045_POSD\ComponentException.cpp">
      <Filter>Source Files\Exception</Filter>
    </ClCompile>
    <ClCompile Include="..\102598045_POSD\ConnectedSelfException.cpp">
      <Filter>Source Files\Exception</Filter>
    </ClCompile>
    <ClCompile Include="..\102598045_POSD\DuplicatedKeyException.cpp">
      <Filter>Source Files\Exception</Filter>
    </ClCompile>
    <ClCompile Include="..\102598045_POSD\EmptyCollectionException.cpp">
      <Filter>Source Files\Exception</Filter>
    </ClCompile>
    <ClCompile Include="..\102598045_POSD\FileNotFoundException.cpp">
      <Filter>Source Files\Exception</Filter>
    </ClCompile>
    <ClCompile Include="..\102598045_POSD\HasConnectedException.cpp">
      <Filter>Source Files\Exception</Filter>
    </ClCompile>
    <ClCompile Include="..\102598045_POSD\InvalidConnectException.cpp">
      <Filter>Source Files\Exception</Filter>
    </ClCompile>
    <ClCompile Include="..\102598045_POSD\InvalidNodeTypeException.cpp">
      <Filter>Source Files\Exception</Filter>
    </ClCompile>
    <ClCompile Include="..\102598045_POSD\NoConnectionException.cpp">
      <Filter>Source Files\Exception</Filter>
    </ClCompile>
    <ClCompile Include="..\102598045_POSD\NoSuchKeyException.cpp">
      <Filter>Source Files\Exception</Filter>
    </ClCompile>
    <ClCompile Include="..\102598045_POSD\NoSuchNodeException.cpp">
      <Filter>Source Files\Exception</Filter>
    </ClCompile>
    <ClCompile Include="..\102598045_POSD\NullPointerException.cpp">
      <Filter>Source Files\Exception</Filter>
    </ClCompile>
    <ClCompile Include="..\102598045_POSD\Component.cpp">
      <Filter>Source Files\Model</Filter>
    </ClCompile>
    <ClCompile Include="..\102598045_POSD\Connector.cpp">
      <Filter>Source Files\Model</Filter>
    </ClCompile>
    <ClCompile Include="..\102598045_POSD\Entity.cpp">
      <Filter>Source Files\Model</Filter>
    </ClCompile>
    <ClCompile Include="..\102598045_POSD\Node.cpp">
      <Filter>Source Files\Model</Filter>
    </ClCompile>
    <ClCompile Include="..\102598045_POSD\RelationShip.cpp">
      <Filter>Source Files\Model</Filter>
    </ClCompile>
    <ClCompile Include="..\102598045_POSD\ERModel.cpp">
      <Filter>Source Files\Model</Filter>
    </ClCompile>
    <ClCompile Include="..\102598045_POSD\DeleteComponentCommand.cpp">
      <Filter>Source Files\Command</Filter>
    </ClCompile>
    <ClCompile Include="..\102598045_POSD\ConnectNodeCommand.cpp">
      <Filter>Source Files\Command</Filter>
    </ClCompile>
    <ClCompile Include="..\102598045_POSD\ConnectionData.cpp">
      <Filter>Source Files\Struct</Filter>
    </ClCompile>
    <ClCompile Include="..\102598045_POSD\ComponentData.cpp">
      <Filter>Source Files\Struct</Filter>
    </ClCompile>
    <ClCompile Include="..\102598045_POSD\InstructionData.cpp">
      <Filter>Source Files\Struct</Filter>
    </ClCompile>
    <ClCompile Include="..\102598045_POSD\ConnectTwoNodesInstruction.cpp">
      <Filter>Source Files\View\TextUI\TextInstruction</Filter>
    </ClCompile>
    <ClCompile Include="..\102598045_POSD\DeleteComponentInstruction.cpp">
      <Filter>Source Files\View\TextUI\TextInstruction</Filter>
    </ClCompile>
    <ClCompile Include="..\102598045_POSD\DisplayDiagramInstruction.cpp">
      <Filter>Source Files\View\TextUI\TextInstruction</Filter>
    </ClCompile>
    <ClCompile Include="..\102598045_POSD\DisplayTableInstruction.cpp">
      <Filter>Source Files\View\TextUI\TextInstruction</Filter>
    </ClCompile>
    <ClCompile Include="..\102598045_POSD\SetPrimaryKeyInstruction.cpp">
      <Filter>Source Files\View\TextUI\TextInstruction</Filter>
    </ClCompile>
    <ClCompile Include="..\102598045_POSD\UndoInstruction.cpp">
      <Filter>Source Files\View\TextUI\TextInstruction</Filter>
    </ClCompile>
    <ClCompile Include="..\102598045_POSD\SaveFileInstruction.cpp">
      <Filter>Source Files\View\TextUI\TextInstruction</Filter>
    </ClCompile>
    <ClCompile Include="..\102598045_POSD\CommandManager.cpp">
      <Filter>Source Files\Manager</Filter>
    </ClCompile>
    <ClCompile Include="..\102598045_POSD\ComponentUtil.cpp">
      <Filter>Source Files\Util</Filter>
    </ClCompile>
    <ClCompile Include="DirectoryUtil.cpp">
      <Filter>Source Files\Util</Filter>
    </ClCompile>
    <ClCompile Include="..\102598045_POSD\ReorderComponentsUtil.cpp">
      <Filter>Source Files\Util</Filter>
    </ClCompile>
    <ClCompile Include="..\102598045_POSD\StringUtil.cpp">
      <Filter>Source Files\Util</Filter>
    </ClCompile>
    <ClCompile Include="..\102598045_POSD\TableUtil.cpp">
      <Filter>Source Files\Util</Filter>
    </ClCompile>
    <ClCompile Include="..\102598045_POSD\InputFileParser.cpp">
      <Filter>Source Files\Parser</Filter>
    </ClCompile>
    <ClCompile Include="..\102598045_POSD\OutputFileParser.cpp">
      <Filter>Source Files\Parser</Filter>
    </ClCompile>
    <ClCompile Include="..\102598045_POSD\Document.cpp">
      <Filter>Source Files\Parser</Filter>
    </ClCompile>
    <ClCompile Include="..\102598045_POSD\InstructionMenu.cpp">
      <Filter>Source Files\Menu</Filter>
    </ClCompile>
    <ClCompile Include="..\102598045_POSD\OpenFileInstruction.cpp">
      <Filter>Source Files\View\TextUI\TextInstruction</Filter>
    </ClCompile>
    <ClCompile Include="..\102598045_POSD\RedoInstruction.cpp">
      <Filter>Source Files\View\TextUI\TextInstruction</Filter>
    </ClCompile>
    <ClCompile Include="..\102598045_POSD\NodeConnectionType.cpp">
      <Filter>Source Files\Constants</Filter>
    </ClCompile>
    <ClCompile Include="..\102598045_POSD\RelationType.cpp">
      <Filter>Source Files\Constants</Filter>
    </ClCompile>
    <ClCompile Include="..\102598045_POSD\StringSymbol.cpp">
      <Filter>Source Files\Constants</Filter>
    </ClCompile>
    <ClCompile Include="..\102598045_POSD\ComponentFactory.cpp">
      <Filter>Source Files\Factory</Filter>
    </ClCompile>
    <ClCompile Include="..\102598045_POSD\TableManager.cpp">
      <Filter>Source Files\Manager</Filter>
    </ClCompile>
    <ClCompile Include="..\102598045_POSD\Exception.cpp">
      <Filter>Source Files\Exception</Filter>
    </ClCompile>
    <ClCompile Include="..\102598045_POSD\Presentation.cpp">
      <Filter>Source Files\View</Filter>
    </ClCompile>
    <ClCompile Include="..\102598045_POSD\TextPresentation.cpp">
      <Filter>Source Files\View</Filter>
    </ClCompile>
    <ClCompile Include="..\102598045_POSD\Table.cpp">
      <Filter>Source Files\Model</Filter>
    </ClCompile>
    <ClCompile Include="..\102598045_POSD\TextUI.cpp">
      <Filter>Source Files\View</Filter>
    </ClCompile>
    <ClCompile Include="..\102598045_POSD\TextUIPresenter.cpp">
      <Filter>Source Files\View</Filter>
    </ClCompile>
    <ClCompile Include="..\102598045_POSD\ControllerEvent.cpp">
      <Filter>Source Files\Constants</Filter>
    </ClCompile>
    <ClCompile Include="FileCreator.cpp">
      <Filter>Source Files\Util</Filter>
    </ClCompile>
    <ClCompile Include="..\102598045_POSD\Subject.cpp">
      <Filter>Source Files\Observer</Filter>
    </ClCompile>
    <ClCompile Include="..\102598045_POSD\WidgetDefaultSetting.cpp">
      <Filter>Source Files\Constants</Filter>
    </ClCompile>
    <ClCompile Include="..\102598045_POSD\Number.cpp">
      <Filter>Source Files\Constants</Filter>
    </ClCompile>
    <ClCompile Include="..\102598045_POSD\Point.cpp">
      <Filter>Source Files\Struct</Filter>
    </ClCompile>
    <ClCompile Include="..\102598045_POSD\Rect.cpp">
      <Filter>Source Files\Struct</Filter>
    </ClCompile>
    <ClCompile Include="..\102598045_POSD\Size.cpp">
      <Filter>Source Files\Struct</Filter>
    </ClCompile>
    <ClCompile Include="ComponentDataTest.cpp">
      <Filter>Unit Testing Files\StructTest</Filter>
    </ClCompile>
    <ClCompile Include="ConnectionDataTest.cpp">
      <Filter>Unit Testing Files\StructTest</Filter>
    </ClCompile>
    <ClCompile Include="InstructionDataTest.cpp">
      <Filter>Unit Testing Files\StructTest</Filter>
    </ClCompile>
    <ClCompile Include="PointTest.cpp">
      <Filter>Unit Testing Files\StructTest</Filter>
    </ClCompile>
    <ClCompile Include="QActionDataTest.cpp">
      <Filter>Unit Testing Files\StructTest</Filter>
    </ClCompile>
    <ClCompile Include="RectTest.cpp">
      <Filter>Unit Testing Files\StructTest</Filter>
    </ClCompile>
    <ClCompile Include="SizeTest.cpp">
      <Filter>Unit Testing Files\StructTest</Filter>
    </ClCompile>
    <ClCompile Include="GraphicalPresentationTest.cpp">
      <Filter>Unit Testing Files\PresentationTest</Filter>
    </ClCompile>
    <ClCompile Include="TextPresentationTest.cpp">
      <Filter>Unit Testing Files\PresentationTest</Filter>
    </ClCompile>
    <ClCompile Include="..\102598045_POSD\CommandFactory.cpp">
      <Filter>Source Files\Factory</Filter>
    </ClCompile>
    <ClCompile Include="..\102598045_POSD\ConnectorData.cpp">
      <Filter>Source Files\Struct</Filter>
    </ClCompile>
    <ClCompile Include="..\102598045_POSD\StateID.cpp">
      <Filter>Source Files\Constants</Filter>
    </ClCompile>
    <ClCompile Include="..\102598045_POSD\State.cpp">
      <Filter>Source Files\View\GUI\State</Filter>
    </ClCompile>
    <ClCompile Include="..\102598045_POSD\AddNodeState.cpp">
      <Filter>Source Files\View\GUI\State</Filter>
    </ClCompile>
    <ClCompile Include="..\102598045_POSD\ConnectState.cpp">
      <Filter>Source Files\View\GUI\State</Filter>
    </ClCompile>
    <ClCompile Include="..\102598045_POSD\PointerState.cpp">
      <Filter>Source Files\View\GUI\State</Filter>
    </ClCompile>
    <ClCompile Include="..\102598045_POSD\StateFactory.cpp">
      <Filter>Source Files\Factory</Filter>
    </ClCompile>
    <ClCompile Include="..\102598045_POSD\StateSubject.cpp">
      <Filter>Source Files\Observer</Filter>
    </ClCompile>
    <ClCompile Include="..\102598045_POSD\GraphicalPresentation.cpp">
      <Filter>Source Files\View</Filter>
    </ClCompile>
    <ClCompile Include="CommandFactoryTest.cpp">
      <Filter>Unit Testing Files\FactoryTest</Filter>
    </ClCompile>
    <ClCompile Include="StateFactoryTest.cpp">
      <Filter>Unit Testing Files\FactoryTest</Filter>
    </ClCompile>
    <ClCompile Include="AddNodeStateTest.cpp">
      <Filter>Unit Testing Files\StateTest</Filter>
    </ClCompile>
    <ClCompile Include="ConnectStateTest.cpp">
      <Filter>Unit Testing Files\StateTest</Filter>
    </ClCompile>
    <ClCompile Include="PointerStateTest.cpp">
      <Filter>Unit Testing Files\StateTest</Filter>
    </ClCompile>
    <ClCompile Include="StateSubjectTest.cpp">
      <Filter>Unit Testing Files\Observer</Filter>
    </ClCompile>
    <ClCompile Include="SubjectTest.cpp">
      <Filter>Unit Testing Files\Observer</Filter>
    </ClCompile>
    <ClCompile Include="MockIObserver.cpp">
      <Filter>Source Files\MockObject</Filter>
    </ClCompile>
    <ClCompile Include="..\102598045_POSD\SetPrimaryKeyState.cpp">
      <Filter>Source Files\View\GUI\State</Filter>
    </ClCompile>
    <ClCompile Include="..\102598045_POSD\SetPrimaryKeyCommand.cpp">
      <Filter>Source Files\Command</Filter>
    </ClCompile>
    <ClCompile Include="..\102598045_POSD\EditTextOfComponentsCommand.cpp">
      <Filter>Source Files\Command</Filter>
    </ClCompile>
    <ClCompile Include="..\102598045_POSD\Cardinality.cpp">
      <Filter>Source Files\Model</Filter>
    </ClCompile>
    <ClCompile Include="CardinalityTest.cpp">
      <Filter>Unit Testing Files\ModelTest</Filter>
    </ClCompile>
    <ClCompile Include="SetPrimaryKeyCommandTest.cpp">
      <Filter>Unit Testing Files\CommandTest</Filter>
    </ClCompile>
    <ClCompile Include="EditTextOfComponentsCommandTest.cpp">
      <Filter>Unit Testing Files\CommandTest</Filter>
    </ClCompile>
    <ClCompile Include="AttributeTest.cpp">
      <Filter>Unit Testing Files\ModelTest\Component</Filter>
    </ClCompile>
    <ClCompile Include="ComponentTest.cpp">
      <Filter>Unit Testing Files\ModelTest\Component</Filter>
    </ClCompile>
    <ClCompile Include="ConnectorTest.cpp">
      <Filter>Unit Testing Files\ModelTest\Component</Filter>
    </ClCompile>
    <ClCompile Include="EntityTest.cpp">
      <Filter>Unit Testing Files\ModelTest\Component</Filter>
    </ClCompile>
    <ClCompile Include="NodeTest.cpp">
      <Filter>Unit Testing Files\ModelTest\Component</Filter>
    </ClCompile>
    <ClCompile Include="RelationShipTest.cpp">
      <Filter>Unit Testing Files\ModelTest\Component</Filter>
    </ClCompile>
    <ClCompile Include="ConnectorDataTest.cpp">
      <Filter>Unit Testing Files\StructTest</Filter>
    </ClCompile>
    <ClCompile Include="SetPrimaryKeyStateTest.cpp">
      <Filter>Unit Testing Files\StateTest</Filter>
    </ClCompile>
    <ClCompile Include="StateTest.cpp">
      <Filter>Unit Testing Files\StateTest</Filter>
    </ClCompile>
    <ClCompile Include="MockState.cpp">
      <Filter>Source Files\MockObject</Filter>
    </ClCompile>
    <ClCompile Include="..\102598045_POSD\QActionData.cpp">
      <Filter>Source Files\Struct</Filter>
    </ClCompile>
    <ClCompile Include="..\102598045_POSD\ActionData.cpp">
      <Filter>Source Files\Constants</Filter>
    </ClCompile>
    <ClCompile Include="CommandTest.cpp">
      <Filter>Unit Testing Files\CommandTest</Filter>
    </ClCompile>
    <ClCompile Include="MockCommand.cpp">
      <Filter>Source Files\MockObject</Filter>
    </ClCompile>
    <ClCompile Include="..\102598045_POSD\MoveComponentsCommand.cpp">
      <Filter>Source Files\Command</Filter>
    </ClCompile>
    <ClCompile Include="..\102598045_POSD\DeleteComponentsCommand.cpp">
      <Filter>Unit Testing Files\CommandTest</Filter>
    </ClCompile>
  </ItemGroup>
  <ItemGroup>
    <ClInclude Include="DirectoryUtil.h">
      <Filter>Header Files\TestingUtils</Filter>
    </ClInclude>
    <ClInclude Include="ERModelTest.h">
      <Filter>Header Files\ModelTest</Filter>
    </ClInclude>
    <ClInclude Include="TableTest.h">
      <Filter>Header Files\ModelTest</Filter>
    </ClInclude>
    <ClInclude Include="ComponentFactoryTest.h">
      <Filter>Header Files\FactoryTest</Filter>
    </ClInclude>
    <ClInclude Include="CommandManagerTest.h">
      <Filter>Header Files\ManagerTest</Filter>
    </ClInclude>
    <ClInclude Include="TableManagerTest.h">
      <Filter>Header Files\ManagerTest</Filter>
    </ClInclude>
    <ClInclude Include="HashMapTest.h">
      <Filter>Header Files\CollectionTest</Filter>
    </ClInclude>
    <ClInclude Include="AddNodeCommandTest.h">
      <Filter>Header Files\CommandTest</Filter>
    </ClInclude>
    <ClInclude Include="ConnectNodeCommandTest.h">
      <Filter>Header Files\CommandTest</Filter>
    </ClInclude>
    <ClInclude Include="DeleteComponentCommandTest.h">
      <Filter>Header Files\CommandTest</Filter>
    </ClInclude>
    <ClInclude Include="StringUtilTest.h">
      <Filter>Header Files\UtilTest</Filter>
    </ClInclude>
    <ClInclude Include="TableUtilTest.h">
      <Filter>Header Files\UtilTest</Filter>
    </ClInclude>
    <ClInclude Include="ComponentUtilTest.h">
      <Filter>Header Files\UtilTest</Filter>
    </ClInclude>
    <ClInclude Include="ReorderComponentsUtilTest.h">
      <Filter>Header Files\UtilTest</Filter>
    </ClInclude>
    <ClInclude Include="InputFileParserTest.h">
      <Filter>Header Files\ParserTest</Filter>
    </ClInclude>
    <ClInclude Include="OutputFileParserTest.h">
      <Filter>Header Files\ParserTest</Filter>
    </ClInclude>
    <ClInclude Include="ERModelUtilTest.h">
      <Filter>Header Files\UtilTest</Filter>
    </ClInclude>
    <ClInclude Include="StackUtilTest.h">
      <Filter>Header Files\UtilTest</Filter>
    </ClInclude>
    <ClInclude Include="DocumentTest.h">
      <Filter>Header Files\ParserTest</Filter>
    </ClInclude>
    <ClInclude Include="InstructionMenuTest.h">
      <Filter>Header Files\MenuTest</Filter>
    </ClInclude>
    <ClInclude Include="FileCreator.h">
      <Filter>Header Files\TestingUtils</Filter>
    </ClInclude>
    <ClInclude Include="ComponentDataTest.h">
      <Filter>Header Files\StructTest</Filter>
    </ClInclude>
    <ClInclude Include="ConnectionDataTest.h">
      <Filter>Header Files\StructTest</Filter>
    </ClInclude>
    <ClInclude Include="InstructionDataTest.h">
      <Filter>Header Files\StructTest</Filter>
    </ClInclude>
    <ClInclude Include="PointTest.h">
      <Filter>Header Files\StructTest</Filter>
    </ClInclude>
    <ClInclude Include="QActionDataTest.h">
      <Filter>Header Files\StructTest</Filter>
    </ClInclude>
    <ClInclude Include="RectTest.h">
      <Filter>Header Files\StructTest</Filter>
    </ClInclude>
    <ClInclude Include="SizeTest.h">
      <Filter>Header Files\StructTest</Filter>
    </ClInclude>
    <ClInclude Include="GraphicalPresentationTest.h">
      <Filter>Header Files\PresentationTest</Filter>
    </ClInclude>
    <ClInclude Include="TextPresentationTest.h">
      <Filter>Header Files\PresentationTest</Filter>
    </ClInclude>
    <ClInclude Include="CommandFactoryTest.h">
      <Filter>Header Files\FactoryTest</Filter>
    </ClInclude>
    <ClInclude Include="StateFactoryTest.h">
      <Filter>Header Files\FactoryTest</Filter>
    </ClInclude>
    <ClInclude Include="SubjectTest.h">
      <Filter>Header Files\ObserverTest</Filter>
    </ClInclude>
    <ClInclude Include="StateSubjectTest.h">
      <Filter>Header Files\ObserverTest</Filter>
    </ClInclude>
    <ClInclude Include="PointerStateTest.h">
      <Filter>Header Files\StateTest</Filter>
    </ClInclude>
    <ClInclude Include="ConnectStateTest.h">
      <Filter>Header Files\StateTest</Filter>
    </ClInclude>
    <ClInclude Include="AddNodeStateTest.h">
      <Filter>Header Files\StateTest</Filter>
    </ClInclude>
    <ClInclude Include="MockIObserver.h">
      <Filter>Header Files\MockObject</Filter>
    </ClInclude>
    <ClInclude Include="CardinalityTest.h">
      <Filter>Header Files\ModelTest</Filter>
    </ClInclude>
    <ClInclude Include="SetPrimaryKeyCommandTest.h">
      <Filter>Header Files\CommandTest</Filter>
    </ClInclude>
    <ClInclude Include="EditTextOfComponentsCommandTest.h">
      <Filter>Header Files\CommandTest</Filter>
    </ClInclude>
    <ClInclude Include="AttributeTest.h">
      <Filter>Header Files\ModelTest\Component</Filter>
    </ClInclude>
    <ClInclude Include="ComponentTest.h">
      <Filter>Header Files\ModelTest\Component</Filter>
    </ClInclude>
    <ClInclude Include="ConnectorTest.h">
      <Filter>Header Files\ModelTest\Component</Filter>
    </ClInclude>
    <ClInclude Include="EntityTest.h">
      <Filter>Header Files\ModelTest\Component</Filter>
    </ClInclude>
    <ClInclude Include="NodeTest.h">
      <Filter>Header Files\ModelTest\Component</Filter>
    </ClInclude>
    <ClInclude Include="RelationShipTest.h">
      <Filter>Header Files\ModelTest\Component</Filter>
    </ClInclude>
    <ClInclude Include="ConnectorDataTest.h">
      <Filter>Header Files\StructTest</Filter>
    </ClInclude>
    <ClInclude Include="SetPrimaryKeyStateTest.h">
      <Filter>Header Files\StateTest</Filter>
    </ClInclude>
    <ClInclude Include="StateTest.h">
      <Filter>Header Files\StateTest</Filter>
    </ClInclude>
    <ClInclude Include="MockState.h">
      <Filter>Header Files\MockObject</Filter>
    </ClInclude>
    <ClInclude Include="CommandTest.h">
      <Filter>Header Files\CommandTest</Filter>
    </ClInclude>
    <ClInclude Include="MockCommand.h">
      <Filter>Header Files\MockObject</Filter>
    </ClInclude>
  </ItemGroup>
</Project>