<?xml version="1.0" encoding="utf-8"?>
<Project ToolsVersion="4.0" xmlns="http://schemas.microsoft.com/developer/msbuild/2003">
  <ItemGroup>
    <Filter Include="Source Files">
      <UniqueIdentifier>{4FC737F1-C7A5-4376-A066-2A32D752A2FF}</UniqueIdentifier>
      <Extensions>cpp;c;cc;cxx;def;odl;idl;hpj;bat;asm;asmx</Extensions>
    </Filter>
    <Filter Include="Header Files">
      <UniqueIdentifier>{93995380-89BD-4b04-88EB-625FBE52EBFB}</UniqueIdentifier>
      <Extensions>h;hpp;hxx;hm;inl;inc;xsd</Extensions>
    </Filter>
    <Filter Include="Header Files\Model">
      <UniqueIdentifier>{be671a30-e009-45f0-83e7-ed3553fd5269}</UniqueIdentifier>
    </Filter>
    <Filter Include="Header Files\View">
      <UniqueIdentifier>{e83ee3bf-d59e-43ec-8d4c-a8c5fbac4a73}</UniqueIdentifier>
    </Filter>
    <Filter Include="Header Files\Utils">
      <UniqueIdentifier>{e44c7ec9-417e-4a70-82f8-41e84a194c9d}</UniqueIdentifier>
    </Filter>
    <Filter Include="Header Files\Factory">
      <UniqueIdentifier>{74f9edaf-cc39-4e80-a903-f929f8114405}</UniqueIdentifier>
    </Filter>
    <Filter Include="Header Files\Command">
      <UniqueIdentifier>{eca834a2-6153-44e2-8ab0-ced4daa37791}</UniqueIdentifier>
    </Filter>
    <Filter Include="Header Files\Manager">
      <UniqueIdentifier>{69f093c4-661a-46b9-bf36-db9e83bb8125}</UniqueIdentifier>
    </Filter>
    <Filter Include="Header Files\Receiver">
      <UniqueIdentifier>{c4a1a507-3850-4469-94f6-b2881922f518}</UniqueIdentifier>
    </Filter>
    <Filter Include="Header Files\Menu">
      <UniqueIdentifier>{7e11d966-fb75-465f-a9f5-b563baa393ad}</UniqueIdentifier>
    </Filter>
    <Filter Include="Header Files\Struct">
      <UniqueIdentifier>{c3735787-cf1b-45ad-b1f0-f6252b71bcf0}</UniqueIdentifier>
    </Filter>
    <Filter Include="Header Files\Interface">
      <UniqueIdentifier>{4378f70d-4eca-46af-a5fd-4a8170f54b00}</UniqueIdentifier>
    </Filter>
    <Filter Include="Header Files\Document">
      <UniqueIdentifier>{ff77b537-6879-40e7-9d01-80c3c4bacf91}</UniqueIdentifier>
    </Filter>
    <Filter Include="Resource Files">
      <UniqueIdentifier>{67DA6AB6-F800-4c08-8B7A-83BB121AAD01}</UniqueIdentifier>
      <Extensions>rc;ico;cur;bmp;dlg;rc2;rct;bin;rgs;gif;jpg;jpeg;jpe;resx;tiff;tif;png;wav;mfcribbon-ms</Extensions>
    </Filter>
    <Filter Include="Source Files\Command">
      <UniqueIdentifier>{bf99d474-edc1-40e9-8fe8-a4b4acc3203c}</UniqueIdentifier>
    </Filter>
    <Filter Include="Source Files\Document">
      <UniqueIdentifier>{20599f5b-6a50-454c-b5f1-f8f8266d2d5b}</UniqueIdentifier>
    </Filter>
    <Filter Include="Source Files\Factory">
      <UniqueIdentifier>{0c4faee9-d3d9-4045-9792-2ec14d80fb23}</UniqueIdentifier>
    </Filter>
    <Filter Include="Source Files\Manager">
      <UniqueIdentifier>{82eebd51-eaaa-4d64-acb0-b716fa656309}</UniqueIdentifier>
    </Filter>
    <Filter Include="Source Files\Menu">
      <UniqueIdentifier>{fcd237b7-6a65-4dc1-99d1-971357348785}</UniqueIdentifier>
    </Filter>
    <Filter Include="Source Files\Model">
      <UniqueIdentifier>{d1c52d77-5a1b-4e1b-8bf3-25ed60e3d70e}</UniqueIdentifier>
    </Filter>
    <Filter Include="Source Files\Receiver">
      <UniqueIdentifier>{4936f970-b243-4a7a-ad3c-bb524a07a83d}</UniqueIdentifier>
    </Filter>
    <Filter Include="Source Files\Struct">
      <UniqueIdentifier>{fa3cc1f0-0941-4e2b-8094-df5ef3a32e29}</UniqueIdentifier>
    </Filter>
    <Filter Include="Source Files\Utils">
      <UniqueIdentifier>{cdb7dcaf-82f2-46d8-8801-c2a61910dd10}</UniqueIdentifier>
    </Filter>
    <Filter Include="Source Files\View">
      <UniqueIdentifier>{0e1c930a-c993-4a92-910d-c96cccc990cd}</UniqueIdentifier>
    </Filter>
    <Filter Include="Source Files\Interface">
      <UniqueIdentifier>{75f2fa14-1aa9-4c89-b713-d4004eebd57e}</UniqueIdentifier>
    </Filter>
    <Filter Include="Header Files\Exception">
      <UniqueIdentifier>{56a9e2f5-1e75-41d6-8222-6dcfebdf4df4}</UniqueIdentifier>
    </Filter>
    <Filter Include="Header Files\Exception\ComponentException">
      <UniqueIdentifier>{483a98ea-3058-461a-8e32-394a82aecdbf}</UniqueIdentifier>
    </Filter>
    <Filter Include="Source Files\Exception">
      <UniqueIdentifier>{33f07d64-c980-4a8d-b7a0-52c3434bac3f}</UniqueIdentifier>
    </Filter>
    <Filter Include="Source Files\Exception\ComponentException">
      <UniqueIdentifier>{152e441e-fc92-4959-b362-0eaeae6dac40}</UniqueIdentifier>
    </Filter>
    <Filter Include="Header Files\Constants">
      <UniqueIdentifier>{5824fd86-11c4-4bb5-8435-cc6912580226}</UniqueIdentifier>
    </Filter>
    <Filter Include="Source Files\Constants">
      <UniqueIdentifier>{f530ebe5-a377-4312-b273-3680f6befb3e}</UniqueIdentifier>
    </Filter>
  </ItemGroup>
  <ItemGroup>
    <ClInclude Include="Attribute.h">
      <Filter>Header Files\Model</Filter>
    </ClInclude>
    <ClInclude Include="Component.h">
      <Filter>Header Files\Model</Filter>
    </ClInclude>
    <ClInclude Include="CommandManager.h">
      <Filter>Header Files\Manager</Filter>
    </ClInclude>
    <ClInclude Include="AddNodeCommand.h">
      <Filter>Header Files\Command</Filter>
    </ClInclude>
    <ClInclude Include="Command.h">
      <Filter>Header Files\Command</Filter>
    </ClInclude>
    <ClInclude Include="TextUI.h">
      <Filter>Header Files\View</Filter>
    </ClInclude>
    <ClInclude Include="StringUtil.h">
      <Filter>Header Files\Utils</Filter>
    </ClInclude>
    <ClInclude Include="ComponentFactory.h">
      <Filter>Header Files\Factory</Filter>
    </ClInclude>
    <ClInclude Include="DisplayTableCommand.h">
      <Filter>Header Files\Command</Filter>
    </ClInclude>
    <ClInclude Include="DisplayDiagramCommand.h">
      <Filter>Header Files\Command</Filter>
    </ClInclude>
    <ClInclude Include="ConnectNodeCommand.h">
      <Filter>Header Files\Command</Filter>
    </ClInclude>
    <ClInclude Include="Entity.h">
      <Filter>Header Files\Model</Filter>
    </ClInclude>
    <ClInclude Include="ERModel.h">
      <Filter>Header Files\Model</Filter>
    </ClInclude>
    <ClInclude Include="Node.h">
      <Filter>Header Files\Model</Filter>
    </ClInclude>
    <ClInclude Include="SetNodeNameCommand.h">
      <Filter>Header Files\Command</Filter>
    </ClInclude>
    <ClInclude Include="SetPrimaryKeyCommand.h">
      <Filter>Header Files\Command</Filter>
    </ClInclude>
    <ClInclude Include="ExitCommand.h">
      <Filter>Header Files\Command</Filter>
    </ClInclude>
    <ClInclude Include="ComponentUtil.h">
      <Filter>Header Files\Utils</Filter>
    </ClInclude>
    <ClInclude Include="TableManager.h">
      <Filter>Header Files\Manager</Filter>
    </ClInclude>
    <ClInclude Include="ERModelUtil.h">
      <Filter>Header Files\Utils</Filter>
    </ClInclude>
    <ClInclude Include="Table.h">
      <Filter>Header Files\Model</Filter>
    </ClInclude>
    <ClInclude Include="Connector.h">
      <Filter>Header Files\Model</Filter>
    </ClInclude>
    <ClInclude Include="ReceiverManager.h">
      <Filter>Header Files\Manager</Filter>
    </ClInclude>
    <ClInclude Include="Receiver.h">
      <Filter>Header Files\Receiver</Filter>
    </ClInclude>
    <ClInclude Include="ValidConnectedReceiver.h">
      <Filter>Header Files\Receiver</Filter>
    </ClInclude>
    <ClInclude Include="ConnectedERReceiver.h">
      <Filter>Header Files\Receiver</Filter>
    </ClInclude>
    <ClInclude Include="ConnectionReceiverManager.h">
      <Filter>Header Files\Manager</Filter>
    </ClInclude>
    <ClInclude Include="SetCardinalityCommand.h">
      <Filter>Header Files\Command</Filter>
    </ClInclude>
    <ClInclude Include="StackUtil.h">
      <Filter>Header Files\Utils</Filter>
    </ClInclude>
    <ClInclude Include="CommandMenu.h">
      <Filter>Header Files\Menu</Filter>
    </ClInclude>
    <ClInclude Include="LoadFileCommand.h">
      <Filter>Header Files\Command</Filter>
    </ClInclude>
    <ClInclude Include="SaveFileCommand.h">
      <Filter>Header Files\Command</Filter>
    </ClInclude>
    <ClInclude Include="FindEntityCommand.h">
      <Filter>Header Files\Command</Filter>
    </ClInclude>
    <ClInclude Include="FindComponentCommand.h">
      <Filter>Header Files\Command</Filter>
    </ClInclude>
    <ClInclude Include="DeleteComponentCommand.h">
      <Filter>Header Files\Command</Filter>
    </ClInclude>
    <ClInclude Include="UndoCommand.h">
      <Filter>Header Files\Command</Filter>
    </ClInclude>
    <ClInclude Include="RedoCommand.h">
      <Filter>Header Files\Command</Filter>
    </ClInclude>
    <ClInclude Include="ReorderComponentsUtil.h">
      <Filter>Header Files\Utils</Filter>
    </ClInclude>
    <ClInclude Include="IClonable.h">
      <Filter>Header Files\Interface</Filter>
    </ClInclude>
    <ClInclude Include="SetUtil.h">
      <Filter>Header Files\Utils</Filter>
    </ClInclude>
    <ClInclude Include="UnexecutableCommand.h">
      <Filter>Header Files\Command</Filter>
    </ClInclude>
    <ClInclude Include="VectorUtil.h">
      <Filter>Header Files\Utils</Filter>
    </ClInclude>
    <ClInclude Include="CommandData.h">
      <Filter>Header Files\Struct</Filter>
    </ClInclude>
    <ClInclude Include="ComponentData.h">
      <Filter>Header Files\Struct</Filter>
    </ClInclude>
    <ClInclude Include="RelationShip.h">
      <Filter>Header Files\Model</Filter>
    </ClInclude>
    <ClInclude Include="ConnectionData.h">
      <Filter>Header Files\Struct</Filter>
    </ClInclude>
    <ClInclude Include="ComponentType.h">
      <Filter>Header Files\Constants</Filter>
    </ClInclude>
    <ClInclude Include="NodeConnectionType.h">
      <Filter>Header Files\Constants</Filter>
    </ClInclude>
    <ClInclude Include="RelationType.h">
      <Filter>Header Files\Constants</Filter>
    </ClInclude>
    <ClInclude Include="AttributeType.h">
      <Filter>Header Files\Constants</Filter>
    </ClInclude>
    <ClInclude Include="Document.h">
      <Filter>Header Files\Document</Filter>
    </ClInclude>
    <ClInclude Include="Presentation.h">
      <Filter>Header Files\View</Filter>
    </ClInclude>
    <ClInclude Include="Exception.h">
      <Filter>Header Files\Exception</Filter>
    </ClInclude>
    <ClInclude Include="ComponentException.h">
      <Filter>Header Files\Exception\ComponentException</Filter>
    </ClInclude>
    <ClInclude Include="HasConnectedException.h">
      <Filter>Header Files\Exception\ComponentException</Filter>
    </ClInclude>
    <ClInclude Include="ConnectedSelfException.h">
      <Filter>Header Files\Exception\ComponentException</Filter>
    </ClInclude>
    <ClInclude Include="InvalidConnectException.h">
      <Filter>Header Files\Exception\ComponentException</Filter>
    </ClInclude>
    <ClInclude Include="FileNotFoundException.h">
      <Filter>Header Files\Exception</Filter>
    </ClInclude>
    <ClInclude Include="NoSuchNodeException.h">
      <Filter>Header Files\Exception</Filter>
    </ClInclude>
    <ClInclude Include="EmptyCollectionException.h">
      <Filter>Header Files\Exception</Filter>
    </ClInclude>
    <ClInclude Include="InvalidNodeTypeException.h">
      <Filter>Header Files\Exception</Filter>
    </ClInclude>
    <ClInclude Include="NoConnectionException.h">
      <Filter>Header Files\Exception\ComponentException</Filter>
    </ClInclude>
    <ClInclude Include="ComponentConnectionSize.h">
      <Filter>Header Files\Constants</Filter>
    </ClInclude>
    <ClInclude Include="NullPointerException.h">
      <Filter>Header Files\Exception</Filter>
    </ClInclude>
  </ItemGroup>
  <ItemGroup>
    <ClCompile Include="Attribute.cpp">
      <Filter>Source Files\Model</Filter>
    </ClCompile>
    <ClCompile Include="Entity.cpp">
      <Filter>Source Files\Model</Filter>
    </ClCompile>
    <ClCompile Include="ERModel.cpp">
      <Filter>Source Files\Model</Filter>
    </ClCompile>
    <ClCompile Include="Node.cpp">
      <Filter>Source Files\Model</Filter>
    </ClCompile>
    <ClCompile Include="Component.cpp">
      <Filter>Source Files\Model</Filter>
    </ClCompile>
    <ClCompile Include="RelationShip.cpp">
      <Filter>Source Files\Model</Filter>
    </ClCompile>
    <ClCompile Include="AddNodeCommand.cpp">
      <Filter>Source Files\Command</Filter>
    </ClCompile>
    <ClCompile Include="Command.cpp">
      <Filter>Source Files\Command</Filter>
    </ClCompile>
    <ClCompile Include="ConnectNodeCommand.cpp">
      <Filter>Source Files\Command</Filter>
    </ClCompile>
    <ClCompile Include="DisplayDiagramCommand.cpp">
      <Filter>Source Files\Command</Filter>
    </ClCompile>
    <ClCompile Include="DisplayTableCommand.cpp">
      <Filter>Source Files\Command</Filter>
    </ClCompile>
    <ClCompile Include="SetNodeNameCommand.cpp">
      <Filter>Source Files\Command</Filter>
    </ClCompile>
    <ClCompile Include="SetPrimaryKeyCommand.cpp">
      <Filter>Source Files\Command</Filter>
    </ClCompile>
    <ClCompile Include="ComponentFactory.cpp">
      <Filter>Source Files\Factory</Filter>
    </ClCompile>
    <ClCompile Include="CommandManager.cpp">
      <Filter>Source Files\Manager</Filter>
    </ClCompile>
    <ClCompile Include="ExitCommand.cpp">
      <Filter>Source Files\Command</Filter>
    </ClCompile>
    <ClCompile Include="StringUtil.cpp">
      <Filter>Source Files\Utils</Filter>
    </ClCompile>
    <ClCompile Include="TextUI.cpp">
      <Filter>Source Files\View</Filter>
    </ClCompile>
    <ClCompile Include="TableManager.cpp">
      <Filter>Source Files\Manager</Filter>
    </ClCompile>
    <ClCompile Include="Table.cpp">
      <Filter>Source Files\Model</Filter>
    </ClCompile>
    <ClCompile Include="Connector.cpp">
      <Filter>Source Files\Model</Filter>
    </ClCompile>
    <ClCompile Include="ReceiverManager.cpp">
      <Filter>Source Files\Manager</Filter>
    </ClCompile>
    <ClCompile Include="Receiver.cpp">
      <Filter>Source Files\Receiver</Filter>
    </ClCompile>
    <ClCompile Include="ConnectedERReceiver.cpp">
      <Filter>Source Files\Receiver</Filter>
    </ClCompile>
    <ClCompile Include="ValidConnectedReceiver.cpp">
      <Filter>Source Files\Receiver</Filter>
    </ClCompile>
    <ClCompile Include="ConnectionReceiverManager.cpp">
      <Filter>Source Files\Manager</Filter>
    </ClCompile>
    <ClCompile Include="SetCardinalityCommand.cpp">
      <Filter>Source Files\Command</Filter>
    </ClCompile>
    <ClCompile Include="CommandMenu.cpp">
      <Filter>Source Files\Menu</Filter>
    </ClCompile>
    <ClCompile Include="LoadFileCommand.cpp">
      <Filter>Source Files\Command</Filter>
    </ClCompile>
    <ClCompile Include="SaveFileCommand.cpp">
      <Filter>Source Files\Command</Filter>
    </ClCompile>
    <ClCompile Include="FindComponentCommand.cpp">
      <Filter>Source Files\Command</Filter>
    </ClCompile>
    <ClCompile Include="FindEntityCommand.cpp">
      <Filter>Source Files\Command</Filter>
    </ClCompile>
    <ClCompile Include="DeleteComponentCommand.cpp">
      <Filter>Source Files\Command</Filter>
    </ClCompile>
    <ClCompile Include="RedoCommand.cpp">
      <Filter>Source Files\Command</Filter>
    </ClCompile>
    <ClCompile Include="UndoCommand.cpp">
      <Filter>Source Files\Command</Filter>
    </ClCompile>
    <ClCompile Include="ReorderComponentsUtil.cpp">
      <Filter>Source Files\Utils</Filter>
    </ClCompile>
    <ClCompile Include="UnexecutableCommand.cpp">
      <Filter>Source Files\Command</Filter>
    </ClCompile>
    <ClCompile Include="CommandData.cpp">
      <Filter>Source Files\Struct</Filter>
    </ClCompile>
    <ClCompile Include="ComponentData.cpp">
      <Filter>Source Files\Struct</Filter>
    </ClCompile>
    <ClCompile Include="ConnectionData.cpp">
      <Filter>Source Files\Struct</Filter>
    </ClCompile>
    <ClCompile Include="ComponentType.cpp">
      <Filter>Source Files\Constants</Filter>
    </ClCompile>
    <ClCompile Include="RelationType.cpp">
      <Filter>Source Files\Constants</Filter>
    </ClCompile>
    <ClCompile Include="NodeConnectionType.cpp">
      <Filter>Source Files\Constants</Filter>
    </ClCompile>
    <ClCompile Include="AttributeType.cpp">
      <Filter>Source Files\Constants</Filter>
    </ClCompile>
    <ClCompile Include="Document.cpp">
      <Filter>Source Files\Document</Filter>
    </ClCompile>
    <ClCompile Include="ERModelUtil.cpp">
      <Filter>Source Files\Utils</Filter>
    </ClCompile>
    <ClCompile Include="IClonable.cpp">
      <Filter>Source Files\Interface</Filter>
    </ClCompile>
    <ClCompile Include="Presentation.cpp">
      <Filter>Source Files\View</Filter>
    </ClCompile>
    <ClCompile Include="Exception.cpp">
      <Filter>Source Files\Exception</Filter>
    </ClCompile>
    <ClCompile Include="EmptyCollectionException.cpp">
      <Filter>Source Files\Exception</Filter>
    </ClCompile>
    <ClCompile Include="FileNotFoundException.cpp">
      <Filter>Source Files\Exception</Filter>
    </ClCompile>
    <ClCompile Include="InvalidNodeTypeException.cpp">
      <Filter>Source Files\Exception</Filter>
    </ClCompile>
    <ClCompile Include="NoSuchNodeException.cpp">
      <Filter>Source Files\Exception</Filter>
    </ClCompile>
    <ClCompile Include="ComponentException.cpp">
      <Filter>Source Files\Exception\ComponentException</Filter>
    </ClCompile>
    <ClCompile Include="ConnectedSelfException.cpp">
      <Filter>Source Files\Exception\ComponentException</Filter>
    </ClCompile>
    <ClCompile Include="HasConnectedException.cpp">
      <Filter>Source Files\Exception\ComponentException</Filter>
    </ClCompile>
    <ClCompile Include="InvalidConnectException.cpp">
      <Filter>Source Files\Exception\ComponentException</Filter>
    </ClCompile>
    <ClCompile Include="NoConnectionException.cpp">
      <Filter>Source Files\Exception\ComponentException</Filter>
    </ClCompile>
    <ClCompile Include="Main.cpp">
      <Filter>Source Files</Filter>
    </ClCompile>
    <ClCompile Include="ComponentUtil.cpp">
      <Filter>Source Files\Utils</Filter>
    </ClCompile>
    <ClCompile Include="ComponentConnectionSize.cpp">
      <Filter>Source Files\Constants</Filter>
    </ClCompile>
    <ClCompile Include="NullPointerException.cpp">
      <Filter>Source Files\Exception</Filter>
    </ClCompile>
  </ItemGroup>
</Project>