<?xml version="1.0" encoding="utf-8"?>
<Project ToolsVersion="4.0" xmlns="http://schemas.microsoft.com/developer/msbuild/2003">
  <ItemGroup>
    <Filter Include="Source Files">
      <UniqueIdentifier>{4FC737F1-C7A5-4376-A066-2A32D752A2FF}</UniqueIdentifier>
      <Extensions>cpp;cxx;c;def</Extensions>
    </Filter>
    <Filter Include="Resource Files">
      <UniqueIdentifier>{D9D6E242-F8AF-46E4-B9FD-80ECBC20BA3E}</UniqueIdentifier>
      <Extensions>qrc;*</Extensions>
      <ParseFiles>false</ParseFiles>
    </Filter>
    <Filter Include="Generated Files">
      <UniqueIdentifier>{71ED8ED8-ACB9-4CE9-BBE1-E00B30144E11}</UniqueIdentifier>
      <Extensions>moc;h;cpp</Extensions>
      <SourceControlFiles>False</SourceControlFiles>
    </Filter>
    <Filter Include="Generated Files\Debug">
      <UniqueIdentifier>{6ab30d77-e79e-4833-a373-bc34f7eff743}</UniqueIdentifier>
      <Extensions>cpp;moc</Extensions>
      <SourceControlFiles>False</SourceControlFiles>
    </Filter>
    <Filter Include="Generated Files\Release">
      <UniqueIdentifier>{a6d09d1a-ba86-4b51-9fac-f5f8d96f8f76}</UniqueIdentifier>
      <Extensions>cpp;moc</Extensions>
      <SourceControlFiles>False</SourceControlFiles>
    </Filter>
    <Filter Include="Source Files\Model">
      <UniqueIdentifier>{a9a1cf6a-d3b1-4fbd-bd83-3ccee8a1c475}</UniqueIdentifier>
    </Filter>
    <Filter Include="Source Files\View">
      <UniqueIdentifier>{0ff4e313-c8af-4561-8004-f302108f7977}</UniqueIdentifier>
    </Filter>
    <Filter Include="Source Files\Constants">
      <UniqueIdentifier>{fc4f8b81-4e3b-46ef-8478-687ac431b295}</UniqueIdentifier>
    </Filter>
    <Filter Include="Source Files\Struct">
      <UniqueIdentifier>{9c55a8d8-fc7e-4185-ac02-19c4d5fb1cef}</UniqueIdentifier>
    </Filter>
    <Filter Include="Source Files\Exception">
      <UniqueIdentifier>{00fa0a6a-259b-4f7d-b1b6-f0e4284e2508}</UniqueIdentifier>
    </Filter>
    <Filter Include="Source Files\Exception\ComponentException">
      <UniqueIdentifier>{75fb525d-9955-41f4-bfe2-671ea5c3a5c5}</UniqueIdentifier>
    </Filter>
    <Filter Include="Source Files\Manager">
      <UniqueIdentifier>{8e7f1b60-e88c-4626-ae98-adbbacc89e85}</UniqueIdentifier>
    </Filter>
    <Filter Include="Source Files\Menu">
      <UniqueIdentifier>{61ecfc46-46b9-4a49-9726-8e5d697df456}</UniqueIdentifier>
    </Filter>
    <Filter Include="Source Files\Factory">
      <UniqueIdentifier>{878890c5-1bf5-464f-9306-ab28c62379f1}</UniqueIdentifier>
    </Filter>
    <Filter Include="Source Files\Parser">
      <UniqueIdentifier>{4ddf0d52-ad69-479e-b788-7b02cf770503}</UniqueIdentifier>
    </Filter>
    <Filter Include="Source Files\Util">
      <UniqueIdentifier>{e24f5806-a99b-447c-b2c8-119d915c1ddf}</UniqueIdentifier>
    </Filter>
    <Filter Include="Source Files\Process">
      <UniqueIdentifier>{71ff4f8a-3c13-43fe-a375-102818852853}</UniqueIdentifier>
    </Filter>
    <Filter Include="Source Files\Exception\CollectionException">
      <UniqueIdentifier>{b2459656-dc63-42fa-a86e-0a0f20eacd22}</UniqueIdentifier>
    </Filter>
    <Filter Include="Source Files\Exception\IOException">
      <UniqueIdentifier>{3f695053-8cc2-4f76-b89b-cde7502279fb}</UniqueIdentifier>
    </Filter>
    <Filter Include="Source Files\View\TextUI">
      <UniqueIdentifier>{e885d042-611d-47a7-9af6-ada92ef872cd}</UniqueIdentifier>
    </Filter>
    <Filter Include="Source Files\View\GUI">
      <UniqueIdentifier>{ab2d53e0-7a67-40df-9a68-b75931024646}</UniqueIdentifier>
    </Filter>
    <Filter Include="Source Files\View\GUI\GUIWidget">
      <UniqueIdentifier>{59cf8c24-363d-4586-b188-154cb7d1248f}</UniqueIdentifier>
    </Filter>
    <Filter Include="Source Files\Command">
      <UniqueIdentifier>{62ffcf58-8aad-42b2-a11f-30c949609b70}</UniqueIdentifier>
    </Filter>
    <Filter Include="Source Files\View\TextUI\TextInstruction">
      <UniqueIdentifier>{10d47808-3981-430c-82e5-76b8a8bddd19}</UniqueIdentifier>
    </Filter>
    <Filter Include="Source Files\View\GUI\GUIWidget\ModelWidget">
      <UniqueIdentifier>{ff1f06c7-d88a-4f19-9ffe-8865e63a4f16}</UniqueIdentifier>
    </Filter>
    <Filter Include="Source Files\View\GUI\MenuItem">
      <UniqueIdentifier>{ad0dd498-fdd5-4ca5-afcf-9c56339e769b}</UniqueIdentifier>
    </Filter>
    <Filter Include="Source Files\View\GUI\ToolBar">
      <UniqueIdentifier>{95ea280b-014c-4adf-9cae-615db7b410fd}</UniqueIdentifier>
    </Filter>
    <Filter Include="Source Files\View\GUI\GUIWidget\ToolBarWidget">
      <UniqueIdentifier>{86f8a5fb-10d8-4334-a928-1a8fa86562d3}</UniqueIdentifier>
    </Filter>
    <Filter Include="Source Files\View\GUI\State">
      <UniqueIdentifier>{16cc152a-dc5d-432a-baa8-94ee3eb07c7a}</UniqueIdentifier>
    </Filter>
    <Filter Include="Source Files\Observer">
      <UniqueIdentifier>{ce060f33-126d-4cba-86bb-563ad14d91d6}</UniqueIdentifier>
    </Filter>
    <Filter Include="Header Files">
      <UniqueIdentifier>{93995380-89BD-4b04-88EB-625FBE52EBFB}</UniqueIdentifier>
      <Extensions>h</Extensions>
    </Filter>
    <Filter Include="Header Files\Command">
      <UniqueIdentifier>{8341a3d0-9221-4d53-85d3-222cddeffcf6}</UniqueIdentifier>
    </Filter>
    <Filter Include="Header Files\Exception">
      <UniqueIdentifier>{23f5bc6f-7817-4c77-be06-757362953152}</UniqueIdentifier>
    </Filter>
    <Filter Include="Header Files\Exception\ComponentException">
      <UniqueIdentifier>{10152e75-e6db-487c-bd8d-123b27b0cde1}</UniqueIdentifier>
    </Filter>
    <Filter Include="Header Files\Exception\IOException">
      <UniqueIdentifier>{4237417e-f01e-4b06-b168-d96b327e1263}</UniqueIdentifier>
    </Filter>
    <Filter Include="Header Files\Exception\CollectionException">
      <UniqueIdentifier>{0e8dce8f-9912-4552-b294-05958c5cf2e8}</UniqueIdentifier>
    </Filter>
    <Filter Include="Header Files\Model">
      <UniqueIdentifier>{e06c051b-2542-42d8-91a6-c7e5a6ecc57f}</UniqueIdentifier>
    </Filter>
    <Filter Include="Header Files\Constants">
      <UniqueIdentifier>{7839adf8-6777-40e1-a9cc-13b8382b33c3}</UniqueIdentifier>
    </Filter>
    <Filter Include="Header Files\Struct">
      <UniqueIdentifier>{3fa5afde-2aa4-4db4-9d6a-276c64dd65eb}</UniqueIdentifier>
    </Filter>
    <Filter Include="Header Files\Manager">
      <UniqueIdentifier>{b1925ac7-c11a-48ad-87fa-cf3506a0ad37}</UniqueIdentifier>
    </Filter>
    <Filter Include="Header Files\Util">
      <UniqueIdentifier>{2307309b-359c-456b-93b8-a955723a4eaf}</UniqueIdentifier>
    </Filter>
    <Filter Include="Header Files\View">
      <UniqueIdentifier>{7b710235-94aa-4750-8914-f8d92208d62e}</UniqueIdentifier>
    </Filter>
    <Filter Include="Header Files\View\TextUI">
      <UniqueIdentifier>{c00980f6-1697-48ec-874c-84799d2cdf50}</UniqueIdentifier>
    </Filter>
    <Filter Include="Header Files\View\TextUI\TextInstruction">
      <UniqueIdentifier>{efa67499-ecf4-46b7-b812-35cae332453c}</UniqueIdentifier>
    </Filter>
    <Filter Include="Header Files\View\GUI">
      <UniqueIdentifier>{0c296417-9ccc-4819-b2c9-a0efb5761e02}</UniqueIdentifier>
    </Filter>
    <Filter Include="Header Files\View\GUI\GUIWidget">
      <UniqueIdentifier>{880638e6-bf55-4eb7-8c81-2e8208c0f71e}</UniqueIdentifier>
    </Filter>
    <Filter Include="Header Files\View\GUI\GUIWidget\ModelWidget">
      <UniqueIdentifier>{060ab95b-936b-4db9-ae00-9df8386f3385}</UniqueIdentifier>
    </Filter>
    <Filter Include="Header Files\View\GUI\GUIWidget\ToolBarWidget">
      <UniqueIdentifier>{621570b2-0cef-42e6-9f46-023f72c5b44a}</UniqueIdentifier>
    </Filter>
    <Filter Include="Header Files\View\GUI\ToolBar">
      <UniqueIdentifier>{09c7fe9f-bd3e-4680-8463-7bf75b3a4d1e}</UniqueIdentifier>
    </Filter>
    <Filter Include="Header Files\View\GUI\MenuItem">
      <UniqueIdentifier>{9b230725-bc5b-40d4-ad40-0497f7908410}</UniqueIdentifier>
    </Filter>
    <Filter Include="Header Files\View\GUI\State">
      <UniqueIdentifier>{5986ac8d-2e58-4bc5-bc44-c07e7a9bc9a2}</UniqueIdentifier>
    </Filter>
    <Filter Include="Header Files\Parser">
      <UniqueIdentifier>{50467b2a-900d-4c40-a9a8-63c8b3e444e7}</UniqueIdentifier>
    </Filter>
    <Filter Include="Header Files\Collection">
      <UniqueIdentifier>{bb8d1dad-862d-40ef-811f-6832cb09f587}</UniqueIdentifier>
    </Filter>
    <Filter Include="Header Files\Process">
      <UniqueIdentifier>{cba6d0e3-c1f0-45de-9e61-5418135bea5a}</UniqueIdentifier>
    </Filter>
    <Filter Include="Header Files\Menu">
      <UniqueIdentifier>{ce6ca146-b3c4-448e-a5c8-5dd22970ce85}</UniqueIdentifier>
    </Filter>
    <Filter Include="Header Files\Factory">
      <UniqueIdentifier>{e432b637-edc5-487e-a784-6584bf80c40b}</UniqueIdentifier>
    </Filter>
    <Filter Include="Header Files\ViewSynchronizer">
      <UniqueIdentifier>{f0be6894-69b5-490d-99c4-f2356af4cfc3}</UniqueIdentifier>
    </Filter>
    <Filter Include="Header Files\Observer">
      <UniqueIdentifier>{70023ca4-13af-4db2-a9b8-d91264864f77}</UniqueIdentifier>
    </Filter>
  </ItemGroup>
  <ItemGroup>
    <ClCompile Include="Main.cpp">
      <Filter>Source Files</Filter>
    </ClCompile>
    <ClCompile Include="GeneratedFiles\Debug\moc_GraphicalUI.cpp">
      <Filter>Generated Files\Debug</Filter>
    </ClCompile>
    <ClCompile Include="GeneratedFiles\Release\moc_GraphicalUI.cpp">
      <Filter>Generated Files\Release</Filter>
    </ClCompile>
    <ClCompile Include="..\102598045_POSD\Attribute.cpp">
      <Filter>Source Files\Model</Filter>
    </ClCompile>
    <ClCompile Include="..\102598045_POSD\AttributeType.cpp">
      <Filter>Source Files\Constants</Filter>
    </ClCompile>
    <ClCompile Include="..\102598045_POSD\CharSymbol.cpp">
      <Filter>Source Files\Constants</Filter>
    </ClCompile>
    <ClCompile Include="..\102598045_POSD\CollectionType.cpp">
      <Filter>Source Files\Constants</Filter>
    </ClCompile>
    <ClCompile Include="..\102598045_POSD\Command.cpp">
      <Filter>Source Files\Command</Filter>
    </ClCompile>
    <ClCompile Include="..\102598045_POSD\CommandManager.cpp">
      <Filter>Source Files\Manager</Filter>
    </ClCompile>
    <ClCompile Include="..\102598045_POSD\ComponentConnectionSize.cpp">
      <Filter>Source Files\Constants</Filter>
    </ClCompile>
    <ClCompile Include="..\102598045_POSD\ComponentData.cpp">
      <Filter>Source Files\Struct</Filter>
    </ClCompile>
    <ClCompile Include="..\102598045_POSD\ComponentType.cpp">
      <Filter>Source Files\Constants</Filter>
    </ClCompile>
    <ClCompile Include="..\102598045_POSD\Component.cpp">
      <Filter>Source Files\Model</Filter>
    </ClCompile>
    <ClCompile Include="..\102598045_POSD\ConnectionData.cpp">
      <Filter>Source Files\Struct</Filter>
    </ClCompile>
    <ClCompile Include="..\102598045_POSD\ConnectedSelfException.cpp">
      <Filter>Source Files\Exception\ComponentException</Filter>
    </ClCompile>
    <ClCompile Include="..\102598045_POSD\ComponentFactory.cpp">
      <Filter>Source Files\Factory</Filter>
    </ClCompile>
    <ClCompile Include="..\102598045_POSD\Document.cpp">
      <Filter>Source Files\Parser</Filter>
    </ClCompile>
    <ClCompile Include="..\102598045_POSD\Connector.cpp">
      <Filter>Source Files\Model</Filter>
    </ClCompile>
    <ClCompile Include="..\102598045_POSD\Entity.cpp">
      <Filter>Source Files\Model</Filter>
    </ClCompile>
    <ClCompile Include="..\102598045_POSD\ERModel.cpp">
      <Filter>Source Files\Model</Filter>
    </ClCompile>
    <ClCompile Include="..\102598045_POSD\Exception.cpp">
      <Filter>Source Files\Exception</Filter>
    </ClCompile>
    <ClCompile Include="..\102598045_POSD\NullPointerException.cpp">
      <Filter>Source Files\Exception</Filter>
    </ClCompile>
    <ClCompile Include="..\102598045_POSD\TableUtil.cpp">
      <Filter>Source Files\Util</Filter>
    </ClCompile>
    <ClCompile Include="..\102598045_POSD\StringUtil.cpp">
      <Filter>Source Files\Util</Filter>
    </ClCompile>
    <ClCompile Include="..\102598045_POSD\ReorderComponentsUtil.cpp">
      <Filter>Source Files\Util</Filter>
    </ClCompile>
    <ClCompile Include="..\102598045_POSD\ComponentUtil.cpp">
      <Filter>Source Files\Util</Filter>
    </ClCompile>
    <ClCompile Include="..\102598045_POSD\Node.cpp">
      <Filter>Source Files\Model</Filter>
    </ClCompile>
    <ClCompile Include="..\102598045_POSD\RelationShip.cpp">
      <Filter>Source Files\Model</Filter>
    </ClCompile>
    <ClCompile Include="..\102598045_POSD\Table.cpp">
      <Filter>Source Files\Model</Filter>
    </ClCompile>
    <ClCompile Include="..\102598045_POSD\InputFileParser.cpp">
      <Filter>Source Files\Parser</Filter>
    </ClCompile>
    <ClCompile Include="..\102598045_POSD\OutputFileParser.cpp">
      <Filter>Source Files\Parser</Filter>
    </ClCompile>
    <ClCompile Include="..\102598045_POSD\StringSymbol.cpp">
      <Filter>Source Files\Constants</Filter>
    </ClCompile>
    <ClCompile Include="..\102598045_POSD\NodeConnectionType.cpp">
      <Filter>Source Files\Constants</Filter>
    </ClCompile>
    <ClCompile Include="..\102598045_POSD\RelationType.cpp">
      <Filter>Source Files\Constants</Filter>
    </ClCompile>
    <ClCompile Include="..\102598045_POSD\TableManager.cpp">
      <Filter>Source Files\Manager</Filter>
    </ClCompile>
    <ClCompile Include="TextUIProcess.cpp">
      <Filter>Source Files\Process</Filter>
    </ClCompile>
    <ClCompile Include="..\102598045_POSD\FileNotFoundException.cpp">
      <Filter>Source Files\Exception\IOException</Filter>
    </ClCompile>
    <ClCompile Include="..\102598045_POSD\HasConnectedException.cpp">
      <Filter>Source Files\Exception\ComponentException</Filter>
    </ClCompile>
    <ClCompile Include="..\102598045_POSD\InvalidConnectException.cpp">
      <Filter>Source Files\Exception\ComponentException</Filter>
    </ClCompile>
    <ClCompile Include="..\102598045_POSD\InvalidNodeTypeException.cpp">
      <Filter>Source Files\Exception\ComponentException</Filter>
    </ClCompile>
    <ClCompile Include="..\102598045_POSD\NoSuchNodeException.cpp">
      <Filter>Source Files\Exception\ComponentException</Filter>
    </ClCompile>
    <ClCompile Include="..\102598045_POSD\ComponentException.cpp">
      <Filter>Source Files\Exception\ComponentException</Filter>
    </ClCompile>
    <ClCompile Include="..\102598045_POSD\EmptyCollectionException.cpp">
      <Filter>Source Files\Exception\CollectionException</Filter>
    </ClCompile>
    <ClCompile Include="..\102598045_POSD\CollectionException.cpp">
      <Filter>Source Files\Exception\CollectionException</Filter>
    </ClCompile>
    <ClCompile Include="..\102598045_POSD\DuplicatedKeyException.cpp">
      <Filter>Source Files\Exception\CollectionException</Filter>
    </ClCompile>
    <ClCompile Include="..\102598045_POSD\NoConnectionException.cpp">
      <Filter>Source Files\Exception\ComponentException</Filter>
    </ClCompile>
    <ClCompile Include="..\102598045_POSD\NoSuchKeyException.cpp">
      <Filter>Source Files\Exception\CollectionException</Filter>
    </ClCompile>
    <ClCompile Include="ApplicationSetting.cpp">
      <Filter>Source Files\Constants</Filter>
    </ClCompile>
    <ClCompile Include="..\102598045_POSD\TextUI.cpp">
      <Filter>Source Files\View\TextUI</Filter>
    </ClCompile>
    <ClCompile Include="GraphicalUI.cpp">
      <Filter>Source Files\View\GUI</Filter>
    </ClCompile>
    <ClCompile Include="GeneratedFiles\qrc_Resources.cpp">
      <Filter>Generated Files</Filter>
    </ClCompile>
    <ClCompile Include="TextPresentation.cpp">
      <Filter>Source Files\View</Filter>
    </ClCompile>
    <ClCompile Include="GraphicalPresentation.cpp">
      <Filter>Source Files\View</Filter>
    </ClCompile>
    <ClCompile Include="..\102598045_POSD\AddNodeCommand.cpp">
      <Filter>Source Files\Command</Filter>
    </ClCompile>
    <ClCompile Include="..\102598045_POSD\DeleteComponentCommand.cpp">
      <Filter>Source Files\Command</Filter>
    </ClCompile>
    <ClCompile Include="..\102598045_POSD\ConnectNodeCommand.cpp">
      <Filter>Source Files\Command</Filter>
    </ClCompile>
    <ClCompile Include="Presentation.cpp">
      <Filter>Source Files\View</Filter>
    </ClCompile>
    <ClCompile Include="InstructionData.cpp">
      <Filter>Source Files\Struct</Filter>
    </ClCompile>
    <ClCompile Include="InstructionMenu.cpp">
      <Filter>Source Files\Menu</Filter>
    </ClCompile>
    <ClCompile Include="TextUIPresenter.cpp">
      <Filter>Source Files\View\TextUI</Filter>
    </ClCompile>
    <ClCompile Include="AddNodeInstruction.cpp">
      <Filter>Source Files\View\TextUI\TextInstruction</Filter>
    </ClCompile>
    <ClCompile Include="ConnectTwoNodesInstruction.cpp">
      <Filter>Source Files\View\TextUI\TextInstruction</Filter>
    </ClCompile>
    <ClCompile Include="DeleteComponentInstruction.cpp">
      <Filter>Source Files\View\TextUI\TextInstruction</Filter>
    </ClCompile>
    <ClCompile Include="DisplayTableInstruction.cpp">
      <Filter>Source Files\View\TextUI\TextInstruction</Filter>
    </ClCompile>
    <ClCompile Include="DisplayDiagramInstruction.cpp">
      <Filter>Source Files\View\TextUI\TextInstruction</Filter>
    </ClCompile>
    <ClCompile Include="UndoInstruction.cpp">
      <Filter>Source Files\View\TextUI\TextInstruction</Filter>
    </ClCompile>
    <ClCompile Include="RedoInstruction.cpp">
      <Filter>Source Files\View\TextUI\TextInstruction</Filter>
    </ClCompile>
    <ClCompile Include="OpenFileInstruction.cpp">
      <Filter>Source Files\View\TextUI\TextInstruction</Filter>
    </ClCompile>
    <ClCompile Include="SaveFileInstruction.cpp">
      <Filter>Source Files\View\TextUI\TextInstruction</Filter>
    </ClCompile>
    <ClCompile Include="CloseInstruction.cpp">
      <Filter>Source Files\View\TextUI\TextInstruction</Filter>
    </ClCompile>
    <ClCompile Include="SetPrimaryKeyInstruction.cpp">
      <Filter>Source Files\View\TextUI\TextInstruction</Filter>
    </ClCompile>
    <ClCompile Include="ComponentWidget.cpp">
      <Filter>Source Files\View\GUI\GUIWidget\ModelWidget</Filter>
    </ClCompile>
    <ClCompile Include="EntityWidget.cpp">
      <Filter>Source Files\View\GUI\GUIWidget\ModelWidget</Filter>
    </ClCompile>
    <ClCompile Include="RelationShipWidget.cpp">
      <Filter>Source Files\View\GUI\GUIWidget\ModelWidget</Filter>
    </ClCompile>
    <ClCompile Include="ConnectorWidget.cpp">
      <Filter>Source Files\View\GUI\GUIWidget\ModelWidget</Filter>
    </ClCompile>
    <ClCompile Include="QActionMap.cpp">
      <Filter>Source Files\View\GUI</Filter>
    </ClCompile>
    <ClCompile Include="QActionData.cpp">
      <Filter>Source Files\Struct</Filter>
    </ClCompile>
    <ClCompile Include="ActionData.cpp">
      <Filter>Source Files\Constants</Filter>
    </ClCompile>
    <ClCompile Include="AttributeWidget.cpp">
      <Filter>Source Files\View\GUI\GUIWidget\ModelWidget</Filter>
    </ClCompile>
    <ClCompile Include="WidgetDefaultSetting.cpp">
      <Filter>Source Files\Constants</Filter>
    </ClCompile>
    <ClCompile Include="WidgetFactory.cpp">
      <Filter>Source Files\Factory</Filter>
    </ClCompile>
    <ClCompile Include="Number.cpp">
      <Filter>Source Files\Constants</Filter>
    </ClCompile>
    <ClCompile Include="NodeWidget.cpp">
      <Filter>Source Files\View\GUI\GUIWidget\ModelWidget</Filter>
    </ClCompile>
    <ClCompile Include="FileMenuItem.cpp">
      <Filter>Source Files\View\GUI\MenuItem</Filter>
    </ClCompile>
    <ClCompile Include="FileToolBar.cpp">
      <Filter>Source Files\View\GUI\ToolBar</Filter>
    </ClCompile>
    <ClCompile Include="AddDrawableToolBar.cpp">
      <Filter>Source Files\View\GUI\ToolBar</Filter>
    </ClCompile>
    <ClCompile Include="ToolBarWidget.cpp">
      <Filter>Source Files\View\GUI\GUIWidget\ToolBarWidget</Filter>
    </ClCompile>
    <ClCompile Include="State.cpp">
      <Filter>Source Files\View\GUI\State</Filter>
    </ClCompile>
    <ClCompile Include="PointerState.cpp">
      <Filter>Source Files\View\GUI\State</Filter>
    </ClCompile>
    <ClCompile Include="AddNodeState.cpp">
      <Filter>Source Files\View\GUI\State</Filter>
    </ClCompile>
    <ClCompile Include="ConnectState.cpp">
      <Filter>Source Files\View\GUI\State</Filter>
    </ClCompile>
    <ClCompile Include="StateID.cpp">
      <Filter>Source Files\Constants</Filter>
    </ClCompile>
    <ClCompile Include="StateFactory.cpp">
      <Filter>Source Files\Factory</Filter>
    </ClCompile>
    <ClCompile Include="GUIScene.cpp">
      <Filter>Source Files\View\GUI\GUIWidget</Filter>
    </ClCompile>
    <ClCompile Include="Rect.cpp">
      <Filter>Source Files\Struct</Filter>
    </ClCompile>
    <ClCompile Include="Point.cpp">
      <Filter>Source Files\Struct</Filter>
    </ClCompile>
    <ClCompile Include="Size.cpp">
      <Filter>Source Files\Struct</Filter>
    </ClCompile>
    <ClCompile Include="Subject.cpp">
      <Filter>Source Files\Observer</Filter>
    </ClCompile>
    <ClCompile Include="StateSubject.cpp">
      <Filter>Source Files\Observer</Filter>
    </ClCompile>
    <ClCompile Include="DialogSetting.cpp">
      <Filter>Source Files\Constants</Filter>
    </ClCompile>
    <ClCompile Include="GeneratedFiles\Debug\moc_GUIScene.cpp">
      <Filter>Generated Files\Debug</Filter>
    </ClCompile>
    <ClCompile Include="GeneratedFiles\Release\moc_GUIScene.cpp">
      <Filter>Generated Files\Release</Filter>
    </ClCompile>
    <ClCompile Include="AddMenuItem.cpp">
      <Filter>Source Files\View\GUI\MenuItem</Filter>
    </ClCompile>
    <ClCompile Include="MenuSetting.cpp">
      <Filter>Source Files\Constants</Filter>
    </ClCompile>
    <ClCompile Include="CommandFactory.cpp">
      <Filter>Source Files\Factory</Filter>
    </ClCompile>
    <ClCompile Include="ControllerEvent.cpp">
      <Filter>Source Files\Constants</Filter>
    </ClCompile>
    <ClCompile Include="ConnectorData.cpp">
      <Filter>Source Files\Struct</Filter>
    </ClCompile>
  </ItemGroup>
  <ItemGroup>
    <ClInclude Include="Attribute.h">
      <Filter>Header Files\Model</Filter>
    </ClInclude>
    <ClInclude Include="Connector.h">
      <Filter>Header Files\Model</Filter>
    </ClInclude>
    <ClInclude Include="ERModel.h">
      <Filter>Header Files\Model</Filter>
    </ClInclude>
    <ClInclude Include="Entity.h">
      <Filter>Header Files\Model</Filter>
    </ClInclude>
    <ClInclude Include="Node.h">
      <Filter>Header Files\Model</Filter>
    </ClInclude>
    <ClInclude Include="Table.h">
      <Filter>Header Files\Model</Filter>
    </ClInclude>
    <ClInclude Include="Command.h">
      <Filter>Header Files\Command</Filter>
    </ClInclude>
    <ClInclude Include="ComponentData.h">
      <Filter>Header Files\Struct</Filter>
    </ClInclude>
    <ClInclude Include="ConnectionData.h">
      <Filter>Header Files\Struct</Filter>
    </ClInclude>
    <ClInclude Include="AttributeType.h">
      <Filter>Header Files\Constants</Filter>
    </ClInclude>
    <ClInclude Include="CharSymbol.h">
      <Filter>Header Files\Constants</Filter>
    </ClInclude>
    <ClInclude Include="CollectionType.h">
      <Filter>Header Files\Constants</Filter>
    </ClInclude>
    <ClInclude Include="ComponentType.h">
      <Filter>Header Files\Constants</Filter>
    </ClInclude>
    <ClInclude Include="RelationType.h">
      <Filter>Header Files\Constants</Filter>
    </ClInclude>
    <ClInclude Include="StringSymbol.h">
      <Filter>Header Files\Constants</Filter>
    </ClInclude>
    <ClInclude Include="ComponentConnectionSize.h">
      <Filter>Header Files\Constants</Filter>
    </ClInclude>
    <ClInclude Include="Component.h">
      <Filter>Header Files\Model</Filter>
    </ClInclude>
    <ClInclude Include="ComponentUtil.h">
      <Filter>Header Files\Util</Filter>
    </ClInclude>
    <ClInclude Include="StackUtil.h">
      <Filter>Header Files\Util</Filter>
    </ClInclude>
    <ClInclude Include="StringUtil.h">
      <Filter>Header Files\Util</Filter>
    </ClInclude>
    <ClInclude Include="ERModelUtil.h">
      <Filter>Header Files\Util</Filter>
    </ClInclude>
    <ClInclude Include="TableUtil.h">
      <Filter>Header Files\Util</Filter>
    </ClInclude>
    <ClInclude Include="CommandManager.h">
      <Filter>Header Files\Manager</Filter>
    </ClInclude>
    <ClInclude Include="TableManager.h">
      <Filter>Header Files\Manager</Filter>
    </ClInclude>
    <ClInclude Include="Document.h">
      <Filter>Header Files\Parser</Filter>
    </ClInclude>
    <ClInclude Include="InputFileParser.h">
      <Filter>Header Files\Parser</Filter>
    </ClInclude>
    <ClInclude Include="OutputFileParser.h">
      <Filter>Header Files\Parser</Filter>
    </ClInclude>
    <ClInclude Include="HashMap.h">
      <Filter>Header Files\Collection</Filter>
    </ClInclude>
    <ClInclude Include="RelationShip.h">
      <Filter>Header Files\Model</Filter>
    </ClInclude>
    <ClInclude Include="NullPointerException.h">
      <Filter>Header Files\Exception</Filter>
    </ClInclude>
    <ClInclude Include="Exception.h">
      <Filter>Header Files\Exception</Filter>
    </ClInclude>
    <ClInclude Include="NodeConnectionType.h">
      <Filter>Header Files\Constants</Filter>
    </ClInclude>
    <ClInclude Include="ReorderComponentsUtil.h">
      <Filter>Header Files\Util</Filter>
    </ClInclude>
    <ClInclude Include="ComponentFactory.h">
      <Filter>Header Files\Factory</Filter>
    </ClInclude>
    <ClInclude Include="NoConnectionException.h">
      <Filter>Header Files\Exception\ComponentException</Filter>
    </ClInclude>
    <ClInclude Include="NoSuchNodeException.h">
      <Filter>Header Files\Exception\ComponentException</Filter>
    </ClInclude>
    <ClInclude Include="HasConnectedException.h">
      <Filter>Header Files\Exception\ComponentException</Filter>
    </ClInclude>
    <ClInclude Include="InvalidConnectException.h">
      <Filter>Header Files\Exception\ComponentException</Filter>
    </ClInclude>
    <ClInclude Include="InvalidNodeTypeException.h">
      <Filter>Header Files\Exception\ComponentException</Filter>
    </ClInclude>
    <ClInclude Include="ConnectedSelfException.h">
      <Filter>Header Files\Exception\ComponentException</Filter>
    </ClInclude>
    <ClInclude Include="ComponentException.h">
      <Filter>Header Files\Exception\ComponentException</Filter>
    </ClInclude>
    <ClInclude Include="FileNotFoundException.h">
      <Filter>Header Files\Exception\IOException</Filter>
    </ClInclude>
    <ClInclude Include="DuplicatedKeyException.h">
      <Filter>Header Files\Exception\CollectionException</Filter>
    </ClInclude>
    <ClInclude Include="EmptyCollectionException.h">
      <Filter>Header Files\Exception\CollectionException</Filter>
    </ClInclude>
    <ClInclude Include="NoSuchKeyException.h">
      <Filter>Header Files\Exception\CollectionException</Filter>
    </ClInclude>
    <ClInclude Include="CollectionException.h">
      <Filter>Header Files\Exception\CollectionException</Filter>
    </ClInclude>
    <ClInclude Include="ApplicationSetting.h">
      <Filter>Header Files\Constants</Filter>
    </ClInclude>
    <ClInclude Include="TextUI.h">
      <Filter>Header Files\View\TextUI</Filter>
    </ClInclude>
    <ClInclude Include="TextPresentation.h">
      <Filter>Header Files\View</Filter>
    </ClInclude>
    <ClInclude Include="AddNodeCommand.h">
      <Filter>Header Files\Command</Filter>
    </ClInclude>
    <ClInclude Include="DeleteComponentCommand.h">
      <Filter>Header Files\Command</Filter>
    </ClInclude>
    <ClInclude Include="ConnectNodeCommand.h">
      <Filter>Header Files\Command</Filter>
    </ClInclude>
    <ClInclude Include="Presentation.h">
      <Filter>Header Files\View</Filter>
    </ClInclude>
    <ClInclude Include="InstructionData.h">
      <Filter>Header Files\Struct</Filter>
    </ClInclude>
    <ClInclude Include="InstructionMenu.h">
      <Filter>Header Files\Menu</Filter>
    </ClInclude>
    <ClInclude Include="TextUIPresenter.h">
      <Filter>Header Files\View\TextUI</Filter>
    </ClInclude>
    <ClInclude Include="TextInstruction.h">
      <Filter>Header Files\View\TextUI\TextInstruction</Filter>
    </ClInclude>
    <ClInclude Include="AddNodeInstruction.h">
      <Filter>Header Files\View\TextUI\TextInstruction</Filter>
    </ClInclude>
    <ClInclude Include="ConnectTwoNodesInstruction.h">
      <Filter>Header Files\View\TextUI\TextInstruction</Filter>
    </ClInclude>
    <ClInclude Include="DisplayDiagramInstruction.h">
      <Filter>Header Files\View\TextUI\TextInstruction</Filter>
    </ClInclude>
    <ClInclude Include="DisplayTableInstruction.h">
      <Filter>Header Files\View\TextUI\TextInstruction</Filter>
    </ClInclude>
    <ClInclude Include="DeleteComponentInstruction.h">
      <Filter>Header Files\View\TextUI\TextInstruction</Filter>
    </ClInclude>
    <ClInclude Include="SetPrimaryKeyInstruction.h">
      <Filter>Header Files\View\TextUI\TextInstruction</Filter>
    </ClInclude>
    <ClInclude Include="RedoInstruction.h">
      <Filter>Header Files\View\TextUI\TextInstruction</Filter>
    </ClInclude>
    <ClInclude Include="UndoInstruction.h">
      <Filter>Header Files\View\TextUI\TextInstruction</Filter>
    </ClInclude>
    <ClInclude Include="OpenFileInstruction.h">
      <Filter>Header Files\View\TextUI\TextInstruction</Filter>
    </ClInclude>
    <ClInclude Include="SaveFileInstruction.h">
      <Filter>Header Files\View\TextUI\TextInstruction</Filter>
    </ClInclude>
    <ClInclude Include="CloseInstruction.h">
      <Filter>Header Files\View\TextUI\TextInstruction</Filter>
    </ClInclude>
    <ClInclude Include="ComponentWidget.h">
      <Filter>Header Files\View\GUI\GUIWidget\ModelWidget</Filter>
    </ClInclude>
    <ClInclude Include="EntityWidget.h">
      <Filter>Header Files\View\GUI\GUIWidget\ModelWidget</Filter>
    </ClInclude>
    <ClInclude Include="RelationShipWidget.h">
      <Filter>Header Files\View\GUI\GUIWidget\ModelWidget</Filter>
    </ClInclude>
    <ClInclude Include="ConnectorWidget.h">
      <Filter>Header Files\View\GUI\GUIWidget\ModelWidget</Filter>
    </ClInclude>
    <ClInclude Include="QActionMap.h">
      <Filter>Header Files\View\GUI</Filter>
    </ClInclude>
    <ClInclude Include="QActionData.h">
      <Filter>Header Files\Struct</Filter>
    </ClInclude>
    <ClInclude Include="ActionData.h">
      <Filter>Header Files\Constants</Filter>
    </ClInclude>
    <ClInclude Include="AttributeWidget.h">
      <Filter>Header Files\View\GUI\GUIWidget\ModelWidget</Filter>
    </ClInclude>
    <ClInclude Include="WidgetDefaultSetting.h">
      <Filter>Header Files\Constants</Filter>
    </ClInclude>
    <ClInclude Include="WidgetFactory.h">
      <Filter>Header Files\Factory</Filter>
    </ClInclude>
    <ClInclude Include="Number.h">
      <Filter>Header Files\Constants</Filter>
    </ClInclude>
    <ClInclude Include="ControllerEvent.h">
      <Filter>Header Files\Constants</Filter>
    </ClInclude>
    <ClInclude Include="NodeWidget.h">
      <Filter>Header Files\View\GUI\GUIWidget\ModelWidget</Filter>
    </ClInclude>
    <ClInclude Include="FileMenuItem.h">
      <Filter>Header Files\View\GUI\MenuItem</Filter>
    </ClInclude>
    <ClInclude Include="FileToolBar.h">
      <Filter>Header Files\View\GUI\ToolBar</Filter>
    </ClInclude>
    <ClInclude Include="AddDrawableToolBar.h">
      <Filter>Header Files\View\GUI\ToolBar</Filter>
    </ClInclude>
    <ClInclude Include="ToolBarWidget.h">
      <Filter>Header Files\View\GUI\GUIWidget\ToolBarWidget</Filter>
    </ClInclude>
    <ClInclude Include="State.h">
      <Filter>Header Files\View\GUI\State</Filter>
    </ClInclude>
    <ClInclude Include="PointerState.h">
      <Filter>Header Files\View\GUI\State</Filter>
    </ClInclude>
    <ClInclude Include="AddNodeState.h">
      <Filter>Header Files\View\GUI\State</Filter>
    </ClInclude>
    <ClInclude Include="ConnectState.h">
      <Filter>Header Files\View\GUI\State</Filter>
    </ClInclude>
    <ClInclude Include="StateID.h">
      <Filter>Header Files\Constants</Filter>
    </ClInclude>
    <ClInclude Include="StateFactory.h">
      <Filter>Header Files\Factory</Filter>
    </ClInclude>
    <ClInclude Include="ISyncable.h">
      <Filter>Header Files\ViewSynchronizer</Filter>
    </ClInclude>
    <ClInclude Include="ISynchronizer.h">
      <Filter>Header Files\ViewSynchronizer</Filter>
    </ClInclude>
    <ClInclude Include="IObserver.h">
      <Filter>Header Files\Observer</Filter>
    </ClInclude>
    <ClInclude Include="ISubject.h">
      <Filter>Header Files\Observer</Filter>
    </ClInclude>
    <ClInclude Include="Point.h">
      <Filter>Header Files\Struct</Filter>
    </ClInclude>
    <ClInclude Include="Rect.h">
      <Filter>Header Files\Struct</Filter>
    </ClInclude>
    <ClInclude Include="Size.h">
      <Filter>Header Files\Struct</Filter>
    </ClInclude>
    <ClInclude Include="Subject.h">
      <Filter>Header Files\Observer</Filter>
    </ClInclude>
    <ClInclude Include="StateSubject.h">
      <Filter>Header Files\Observer</Filter>
    </ClInclude>
    <ClInclude Include="DialogSetting.h">
      <Filter>Header Files\Constants</Filter>
    </ClInclude>
    <ClInclude Include="MenuSetting.h">
      <Filter>Header Files\Constants</Filter>
    </ClInclude>
    <ClInclude Include="AddMenuItem.h">
      <Filter>Header Files\View\GUI\MenuItem</Filter>
    </ClInclude>
    <ClInclude Include="CommandFactory.h">
      <Filter>Header Files\Factory</Filter>
    </ClInclude>
    <ClInclude Include="ConnectorData.h">
      <Filter>Header Files\Struct</Filter>
    </ClInclude>
  </ItemGroup>
  <ItemGroup>
    <CustomBuild Include="GraphicalUI.h">
      <Filter>Header Files\View\GUI</Filter>
    </CustomBuild>
    <CustomBuild Include="Resources.qrc">
      <Filter>Resource Files</Filter>
    </CustomBuild>
    <CustomBuild Include="GraphicalPresentation.h">
      <Filter>Header Files\View</Filter>
    </CustomBuild>
    <CustomBuild Include="TextUIProcess.h">
      <Filter>Header Files\Process</Filter>
    </CustomBuild>
    <CustomBuild Include="GUIScene.h">
      <Filter>Header Files\View\GUI\GUIWidget</Filter>
    </CustomBuild>
  </ItemGroup>
  <ItemGroup>
    <None Include="Resources\exit.png">
      <Filter>Resource Files</Filter>
    </None>
    <None Include="Resources\open.png">
      <Filter>Resource Files</Filter>
    </None>
    <None Include="Resources\attribute.png">
      <Filter>Resource Files</Filter>
    </None>
    <None Include="Resources\connector.png">
      <Filter>Resource Files</Filter>
    </None>
    <None Include="Resources\cursor.png">
      <Filter>Resource Files</Filter>
    </None>
    <None Include="Resources\entity.png">
      <Filter>Resource Files</Filter>
    </None>
    <None Include="Resources\relationship.png">
      <Filter>Resource Files</Filter>
    </None>
  </ItemGroup>
</Project>